// !$*UTF8*$!
{
	archiveVersion = 1;
	classes = {
	};
	objectVersion = 42;
	objects = {

/* Begin PBXFileReference section */
		B0428B090D37AAE0000CC50D /* configure.ac */ = {isa = PBXFileReference; fileEncoding = 4; lastKnownFileType = text; name = configure.ac; path = ../src/configure.ac; sourceTree = SOURCE_ROOT; };
		B0428B0A0D37AAE0000CC50D /* runconfig */ = {isa = PBXFileReference; fileEncoding = 4; lastKnownFileType = text.script.sh; name = runconfig; path = ../src/runconfig; sourceTree = SOURCE_ROOT; };
		B0428B0B0D37AAE0000CC50D /* runbootstrap */ = {isa = PBXFileReference; fileEncoding = 4; lastKnownFileType = text.script.sh; name = runbootstrap; path = ../src/runbootstrap; sourceTree = SOURCE_ROOT; };
		B0428B0C0D37AAE0000CC50D /* bootstrap */ = {isa = PBXFileReference; fileEncoding = 4; lastKnownFileType = text.script.sh; name = bootstrap; path = ../src/bootstrap; sourceTree = SOURCE_ROOT; };
		B05DC7B10D37D55E00F73DF5 /* Makefile.am */ = {isa = PBXFileReference; fileEncoding = 4; lastKnownFileType = text; name = Makefile.am; path = ../src/zmapApp/Makefile.am; sourceTree = SOURCE_ROOT; };
		B05DC7B30D37D55E00F73DF5 /* README */ = {isa = PBXFileReference; fileEncoding = 4; lastKnownFileType = text; name = README; path = ../src/zmapApp/README; sourceTree = SOURCE_ROOT; };
		B05DC7B40D37D55E00F73DF5 /* zmapApp_P.h */ = {isa = PBXFileReference; fileEncoding = 4; lastKnownFileType = sourcecode.c.h; name = zmapApp_P.h; path = ../src/zmapApp/zmapApp_P.h; sourceTree = SOURCE_ROOT; };
		B05DC7B50D37D55E00F73DF5 /* zmapAppconnect.c */ = {isa = PBXFileReference; fileEncoding = 4; lastKnownFileType = sourcecode.c.c; name = zmapAppconnect.c; path = ../src/zmapApp/zmapAppconnect.c; sourceTree = SOURCE_ROOT; };
		B05DC7B60D37D55E00F73DF5 /* zmapAppmain_c.c */ = {isa = PBXFileReference; fileEncoding = 4; lastKnownFileType = sourcecode.c.c; name = zmapAppmain_c.c; path = ../src/zmapApp/zmapAppmain_c.c; sourceTree = SOURCE_ROOT; };
		B05DC7B70D37D55E00F73DF5 /* zmapAppmain_c.cc */ = {isa = PBXFileReference; fileEncoding = 4; lastKnownFileType = sourcecode.cpp.cpp; name = zmapAppmain_c.cc; path = ../src/zmapApp/zmapAppmain_c.cc; sourceTree = SOURCE_ROOT; };
		B05DC7B80D37D55E00F73DF5 /* zmapAppmanage.c */ = {isa = PBXFileReference; fileEncoding = 4; lastKnownFileType = sourcecode.c.c; name = zmapAppmanage.c; path = ../src/zmapApp/zmapAppmanage.c; sourceTree = SOURCE_ROOT; };
		B05DC7B90D37D55E00F73DF5 /* zmapAppmenubar.c */ = {isa = PBXFileReference; fileEncoding = 4; lastKnownFileType = sourcecode.c.c; name = zmapAppmenubar.c; path = ../src/zmapApp/zmapAppmenubar.c; sourceTree = SOURCE_ROOT; };
		B05DC7BA0D37D55E00F73DF5 /* zmapAppremote.c */ = {isa = PBXFileReference; fileEncoding = 4; lastKnownFileType = sourcecode.c.c; name = zmapAppremote.c; path = ../src/zmapApp/zmapAppremote.c; sourceTree = SOURCE_ROOT; };
		B05DC7BB0D37D55E00F73DF5 /* zmapAppwindow.c */ = {isa = PBXFileReference; fileEncoding = 4; lastKnownFileType = sourcecode.c.c; name = zmapAppwindow.c; path = ../src/zmapApp/zmapAppwindow.c; sourceTree = SOURCE_ROOT; };
		B05DC7BE0D37D55E00F73DF5 /* Makefile.am */ = {isa = PBXFileReference; fileEncoding = 4; lastKnownFileType = text; name = Makefile.am; path = ../src/zmapConfig/Makefile.am; sourceTree = SOURCE_ROOT; };
		B05DC7C00D37D55E00F73DF5 /* README */ = {isa = PBXFileReference; fileEncoding = 4; lastKnownFileType = text; name = README; path = ../src/zmapConfig/README; sourceTree = SOURCE_ROOT; };
		B05DC7C10D37D55E00F73DF5 /* zmapConfig.c */ = {isa = PBXFileReference; fileEncoding = 4; lastKnownFileType = sourcecode.c.c; name = zmapConfig.c; path = ../src/zmapConfig/zmapConfig.c; sourceTree = SOURCE_ROOT; };
		B05DC7C20D37D55E00F73DF5 /* zmapConfig_P.h */ = {isa = PBXFileReference; fileEncoding = 4; lastKnownFileType = sourcecode.c.h; name = zmapConfig_P.h; path = ../src/zmapConfig/zmapConfig_P.h; sourceTree = SOURCE_ROOT; };
		B05DC7C30D37D55E00F73DF5 /* zmapConfigGet.c */ = {isa = PBXFileReference; fileEncoding = 4; lastKnownFileType = sourcecode.c.c; name = zmapConfigGet.c; path = ../src/zmapConfig/zmapConfigGet.c; sourceTree = SOURCE_ROOT; };
		B05DC7C40D37D55E00F73DF5 /* zmapConfigRead.c */ = {isa = PBXFileReference; fileEncoding = 4; lastKnownFileType = sourcecode.c.c; name = zmapConfigRead.c; path = ../src/zmapConfig/zmapConfigRead.c; sourceTree = SOURCE_ROOT; };
		B05DC7C50D37D55E00F73DF5 /* zmapConfigUtils.c */ = {isa = PBXFileReference; fileEncoding = 4; lastKnownFileType = sourcecode.c.c; name = zmapConfigUtils.c; path = ../src/zmapConfig/zmapConfigUtils.c; sourceTree = SOURCE_ROOT; };
		B05DC7C60D37D55E00F73DF5 /* zmapConfigWrite.c */ = {isa = PBXFileReference; fileEncoding = 4; lastKnownFileType = sourcecode.c.c; name = zmapConfigWrite.c; path = ../src/zmapConfig/zmapConfigWrite.c; sourceTree = SOURCE_ROOT; };
		B05DC7C90D37D55E00F73DF5 /* Makefile.am */ = {isa = PBXFileReference; fileEncoding = 4; lastKnownFileType = text; name = Makefile.am; path = ../src/zmapControl/Makefile.am; sourceTree = SOURCE_ROOT; };
		B05DC7CB0D37D55E00F73DF5 /* README */ = {isa = PBXFileReference; fileEncoding = 4; lastKnownFileType = text; name = README; path = ../src/zmapControl/README; sourceTree = SOURCE_ROOT; };
		B05DC7CE0D37D55E00F73DF5 /* Makefile.am */ = {isa = PBXFileReference; fileEncoding = 4; lastKnownFileType = text; name = Makefile.am; path = ../src/zmapControl/remote/Makefile.am; sourceTree = SOURCE_ROOT; };
		B05DC7D00D37D55E00F73DF5 /* test_commands.txt */ = {isa = PBXFileReference; fileEncoding = 4; lastKnownFileType = text; name = test_commands.txt; path = ../src/zmapControl/remote/test_commands.txt; sourceTree = SOURCE_ROOT; };
		B05DC7D10D37D55E00F73DF5 /* xremote_gui_test.c */ = {isa = PBXFileReference; fileEncoding = 4; lastKnownFileType = sourcecode.c.c; name = xremote_gui_test.c; path = ../src/zmapControl/remote/xremote_gui_test.c; sourceTree = SOURCE_ROOT; };
		B05DC7D20D37D55E00F73DF5 /* zmap_crash_handler.c */ = {isa = PBXFileReference; fileEncoding = 4; lastKnownFileType = sourcecode.c.c; name = zmap_crash_handler.c; path = ../src/zmapControl/remote/zmap_crash_handler.c; sourceTree = SOURCE_ROOT; };
		B05DC7D30D37D55E00F73DF5 /* zmapXRemote.c */ = {isa = PBXFileReference; fileEncoding = 4; lastKnownFileType = sourcecode.c.c; name = zmapXRemote.c; path = ../src/zmapControl/remote/zmapXRemote.c; sourceTree = SOURCE_ROOT; };
		B05DC7D40D37D55E00F73DF5 /* zmapXRemote_P.h */ = {isa = PBXFileReference; fileEncoding = 4; lastKnownFileType = sourcecode.c.h; name = zmapXRemote_P.h; path = ../src/zmapControl/remote/zmapXRemote_P.h; sourceTree = SOURCE_ROOT; };
		B05DC7D50D37D55E00F73DF5 /* zmapControl.c */ = {isa = PBXFileReference; fileEncoding = 4; lastKnownFileType = sourcecode.c.c; name = zmapControl.c; path = ../src/zmapControl/zmapControl.c; sourceTree = SOURCE_ROOT; };
		B05DC7D60D37D55E00F73DF5 /* zmapControl_P.h */ = {isa = PBXFileReference; fileEncoding = 4; lastKnownFileType = sourcecode.c.h; name = zmapControl_P.h; path = ../src/zmapControl/zmapControl_P.h; sourceTree = SOURCE_ROOT; };
		B05DC7D70D37D55E00F73DF5 /* zmapControlNavigator.c */ = {isa = PBXFileReference; fileEncoding = 4; lastKnownFileType = sourcecode.c.c; name = zmapControlNavigator.c; path = ../src/zmapControl/zmapControlNavigator.c; sourceTree = SOURCE_ROOT; };
		B05DC7D80D37D55E00F73DF5 /* zmapControlPreferences.c */ = {isa = PBXFileReference; fileEncoding = 4; lastKnownFileType = sourcecode.c.c; name = zmapControlPreferences.c; path = ../src/zmapControl/zmapControlPreferences.c; sourceTree = SOURCE_ROOT; };
		B05DC7D90D37D55E00F73DF5 /* zmapControlRemoteReceive.c */ = {isa = PBXFileReference; fileEncoding = 4; lastKnownFileType = sourcecode.c.c; name = zmapControlRemoteReceive.c; path = ../src/zmapControl/zmapControlRemoteReceive.c; sourceTree = SOURCE_ROOT; };
		B05DC7DA0D37D55E00F73DF5 /* zmapControlRemoteSend.c */ = {isa = PBXFileReference; fileEncoding = 4; lastKnownFileType = sourcecode.c.c; name = zmapControlRemoteSend.c; path = ../src/zmapControl/zmapControlRemoteSend.c; sourceTree = SOURCE_ROOT; };
		B05DC7DB0D37D55E00F73DF5 /* zmapControlViews.c */ = {isa = PBXFileReference; fileEncoding = 4; lastKnownFileType = sourcecode.c.c; name = zmapControlViews.c; path = ../src/zmapControl/zmapControlViews.c; sourceTree = SOURCE_ROOT; };
		B05DC7DC0D37D55E00F73DF5 /* zmapControlWindow.c */ = {isa = PBXFileReference; fileEncoding = 4; lastKnownFileType = sourcecode.c.c; name = zmapControlWindow.c; path = ../src/zmapControl/zmapControlWindow.c; sourceTree = SOURCE_ROOT; };
		B05DC7DD0D37D55E00F73DF5 /* zmapControlWindowButtons.c */ = {isa = PBXFileReference; fileEncoding = 4; lastKnownFileType = sourcecode.c.c; name = zmapControlWindowButtons.c; path = ../src/zmapControl/zmapControlWindowButtons.c; sourceTree = SOURCE_ROOT; };
		B05DC7DE0D37D55E00F73DF5 /* zmapControlWindowFrame.c */ = {isa = PBXFileReference; fileEncoding = 4; lastKnownFileType = sourcecode.c.c; name = zmapControlWindowFrame.c; path = ../src/zmapControl/zmapControlWindowFrame.c; sourceTree = SOURCE_ROOT; };
		B05DC7DF0D37D55E00F73DF5 /* zmapControlWindowInfoPanel.c */ = {isa = PBXFileReference; fileEncoding = 4; lastKnownFileType = sourcecode.c.c; name = zmapControlWindowInfoPanel.c; path = ../src/zmapControl/zmapControlWindowInfoPanel.c; sourceTree = SOURCE_ROOT; };
		B05DC7E00D37D55E00F73DF5 /* zmapControlWindowMenubar.c */ = {isa = PBXFileReference; fileEncoding = 4; lastKnownFileType = sourcecode.c.c; name = zmapControlWindowMenubar.c; path = ../src/zmapControl/zmapControlWindowMenubar.c; sourceTree = SOURCE_ROOT; };
		B05DC7E10D37D55E00F73DF5 /* zmapNavigator_P.h */ = {isa = PBXFileReference; fileEncoding = 4; lastKnownFileType = sourcecode.c.h; name = zmapNavigator_P.h; path = ../src/zmapControl/zmapNavigator_P.h; sourceTree = SOURCE_ROOT; };
		B05DC7E30D37D55E00F73DF5 /* zmapDAS1DSN.c */ = {isa = PBXFileReference; fileEncoding = 4; lastKnownFileType = sourcecode.c.c; name = zmapDAS1DSN.c; path = ../src/zmapDAS/zmapDAS1DSN.c; sourceTree = SOURCE_ROOT; };
		B05DC7E40D37D55E00F73DF5 /* zmapDAS1Parser.c */ = {isa = PBXFileReference; fileEncoding = 4; lastKnownFileType = sourcecode.c.c; name = zmapDAS1Parser.c; path = ../src/zmapDAS/zmapDAS1Parser.c; sourceTree = SOURCE_ROOT; };
		B05DC7E60D37D55E00F73DF5 /* interval_db.c */ = {isa = PBXFileReference; fileEncoding = 4; lastKnownFileType = sourcecode.c.c; name = interval_db.c; path = ../src/zmapData/interval_db.c; sourceTree = SOURCE_ROOT; };
		B05DC7E90D37D55E00F73DF5 /* Makefile.am */ = {isa = PBXFileReference; fileEncoding = 4; lastKnownFileType = text; name = Makefile.am; path = ../src/zmapDocs/Makefile.am; sourceTree = SOURCE_ROOT; };
		B05DC7EB0D37D55E00F73DF5 /* ZMapMainPage.c */ = {isa = PBXFileReference; fileEncoding = 4; lastKnownFileType = sourcecode.c.c; name = ZMapMainPage.c; path = ../src/zmapDocs/ZMapMainPage.c; sourceTree = SOURCE_ROOT; };
		B05DC7EE0D37D55E00F73DF5 /* Makefile.am */ = {isa = PBXFileReference; fileEncoding = 4; lastKnownFileType = text; name = Makefile.am; path = ../src/zmapDraw/Makefile.am; sourceTree = SOURCE_ROOT; };
		B05DC7F00D37D55E00F73DF5 /* zmapDraw.c */ = {isa = PBXFileReference; fileEncoding = 4; lastKnownFileType = sourcecode.c.c; name = zmapDraw.c; path = ../src/zmapDraw/zmapDraw.c; sourceTree = SOURCE_ROOT; };
		B05DC7F10D37D55E00F73DF5 /* zmapDraw_P.h */ = {isa = PBXFileReference; fileEncoding = 4; lastKnownFileType = sourcecode.c.h; name = zmapDraw_P.h; path = ../src/zmapDraw/zmapDraw_P.h; sourceTree = SOURCE_ROOT; };
		B05DC7F50D37D55E00F73DF5 /* Makefile.am */ = {isa = PBXFileReference; fileEncoding = 4; lastKnownFileType = text; name = Makefile.am; path = ../src/zmapFeature/Makefile.am; sourceTree = SOURCE_ROOT; };
		B05DC7F70D37D55E00F73DF5 /* README */ = {isa = PBXFileReference; fileEncoding = 4; lastKnownFileType = text; name = README; path = ../src/zmapFeature/README; sourceTree = SOURCE_ROOT; };
		B05DC7F80D37D55E00F73DF5 /* zmapFeature.c */ = {isa = PBXFileReference; fileEncoding = 4; lastKnownFileType = sourcecode.c.c; name = zmapFeature.c; path = ../src/zmapFeature/zmapFeature.c; sourceTree = SOURCE_ROOT; };
		B05DC7F90D37D55E00F73DF5 /* zmapFeature_P.h */ = {isa = PBXFileReference; fileEncoding = 4; lastKnownFileType = sourcecode.c.h; name = zmapFeature_P.h; path = ../src/zmapFeature/zmapFeature_P.h; sourceTree = SOURCE_ROOT; };
		B05DC7FA0D37D55E00F73DF5 /* zmapFeatureContext.c */ = {isa = PBXFileReference; fileEncoding = 4; lastKnownFileType = sourcecode.c.c; name = zmapFeatureContext.c; path = ../src/zmapFeature/zmapFeatureContext.c; sourceTree = SOURCE_ROOT; };
		B05DC7FB0D37D55E00F73DF5 /* zmapFeatureContextUtils.c */ = {isa = PBXFileReference; fileEncoding = 4; lastKnownFileType = sourcecode.c.c; name = zmapFeatureContextUtils.c; path = ../src/zmapFeature/zmapFeatureContextUtils.c; sourceTree = SOURCE_ROOT; };
		B05DC7FC0D37D55E00F73DF5 /* zmapFeatureFormatInput.c */ = {isa = PBXFileReference; fileEncoding = 4; lastKnownFileType = sourcecode.c.c; name = zmapFeatureFormatInput.c; path = ../src/zmapFeature/zmapFeatureFormatInput.c; sourceTree = SOURCE_ROOT; };
		B05DC7FD0D37D55E00F73DF5 /* zmapFeatureTypes.c */ = {isa = PBXFileReference; fileEncoding = 4; lastKnownFileType = sourcecode.c.c; name = zmapFeatureTypes.c; path = ../src/zmapFeature/zmapFeatureTypes.c; sourceTree = SOURCE_ROOT; };
		B05DC7FE0D37D55E00F73DF5 /* zmapFeatureUtils.c */ = {isa = PBXFileReference; fileEncoding = 4; lastKnownFileType = sourcecode.c.c; name = zmapFeatureUtils.c; path = ../src/zmapFeature/zmapFeatureUtils.c; sourceTree = SOURCE_ROOT; };
		B05DC7FF0D37D55E00F73DF5 /* zmapFeatureXML.c */ = {isa = PBXFileReference; fileEncoding = 4; lastKnownFileType = sourcecode.c.c; name = zmapFeatureXML.c; path = ../src/zmapFeature/zmapFeatureXML.c; sourceTree = SOURCE_ROOT; };
		B05DC8000D37D55E00F73DF5 /* zmapStyle.c */ = {isa = PBXFileReference; fileEncoding = 4; lastKnownFileType = sourcecode.c.c; name = zmapStyle.c; path = ../src/zmapFeature/zmapStyle.c; sourceTree = SOURCE_ROOT; };
		B05DC8010D37D55E00F73DF5 /* zmapStyle_P.h */ = {isa = PBXFileReference; fileEncoding = 4; lastKnownFileType = sourcecode.c.h; name = zmapStyle_P.h; path = ../src/zmapFeature/zmapStyle_P.h; sourceTree = SOURCE_ROOT; };
		B05DC8040D37D55E00F73DF5 /* gffparser.c */ = {isa = PBXFileReference; fileEncoding = 4; lastKnownFileType = sourcecode.c.c; name = gffparser.c; path = ../src/zmapGFF/gffparser.c; sourceTree = SOURCE_ROOT; };
		B05DC8050D37D55E00F73DF5 /* Makefile.am */ = {isa = PBXFileReference; fileEncoding = 4; lastKnownFileType = text; name = Makefile.am; path = ../src/zmapGFF/Makefile.am; sourceTree = SOURCE_ROOT; };
		B05DC8070D37D55E00F73DF5 /* README */ = {isa = PBXFileReference; fileEncoding = 4; lastKnownFileType = text; name = README; path = ../src/zmapGFF/README; sourceTree = SOURCE_ROOT; };
		B05DC8080D37D55E00F73DF5 /* zmapGFF2Dumper.c */ = {isa = PBXFileReference; fileEncoding = 4; lastKnownFileType = sourcecode.c.c; name = zmapGFF2Dumper.c; path = ../src/zmapGFF/zmapGFF2Dumper.c; sourceTree = SOURCE_ROOT; };
		B05DC8090D37D55E00F73DF5 /* zmapGFF2parser.c */ = {isa = PBXFileReference; fileEncoding = 4; lastKnownFileType = sourcecode.c.c; name = zmapGFF2parser.c; path = ../src/zmapGFF/zmapGFF2parser.c; sourceTree = SOURCE_ROOT; };
		B05DC80A0D37D55E00F73DF5 /* zmapGFF_P.h */ = {isa = PBXFileReference; fileEncoding = 4; lastKnownFileType = sourcecode.c.h; name = zmapGFF_P.h; path = ../src/zmapGFF/zmapGFF_P.h; sourceTree = SOURCE_ROOT; };
		B05DC80D0D37D55E00F73DF5 /* common.base_targets */ = {isa = PBXFileReference; fileEncoding = 4; lastKnownFileType = text; name = common.base_targets; path = ../src/zmapMake/common.base_targets; sourceTree = SOURCE_ROOT; };
		B05DC80E0D37D55E00F73DF5 /* common.defs */ = {isa = PBXFileReference; fileEncoding = 4; lastKnownFileType = sourcecode.mig; name = common.defs; path = ../src/zmapMake/common.defs; sourceTree = SOURCE_ROOT; };
		B05DC80F0D37D55E00F73DF5 /* common.targets */ = {isa = PBXFileReference; fileEncoding = 4; lastKnownFileType = text; name = common.targets; path = ../src/zmapMake/common.targets; sourceTree = SOURCE_ROOT; };
		B05DC8100D37D55E00F73DF5 /* Makefile.am */ = {isa = PBXFileReference; fileEncoding = 4; lastKnownFileType = text; name = Makefile.am; path = ../src/zmapMake/Makefile.am; sourceTree = SOURCE_ROOT; };
		B05DC8120D37D55E00F73DF5 /* makefile.TEMPLATE */ = {isa = PBXFileReference; fileEncoding = 4; lastKnownFileType = text; name = makefile.TEMPLATE; path = ../src/zmapMake/makefile.TEMPLATE; sourceTree = SOURCE_ROOT; };
		B05DC8130D37D55E00F73DF5 /* platform.alpha_5 */ = {isa = PBXFileReference; fileEncoding = 4; lastKnownFileType = text; name = platform.alpha_5; path = ../src/zmapMake/platform.alpha_5; sourceTree = SOURCE_ROOT; };
		B05DC8140D37D55E00F73DF5 /* platform.linux_4 */ = {isa = PBXFileReference; fileEncoding = 4; lastKnownFileType = text; name = platform.linux_4; path = ../src/zmapMake/platform.linux_4; sourceTree = SOURCE_ROOT; };
		B05DC8150D37D55E00F73DF5 /* platform.TEMPLATE */ = {isa = PBXFileReference; fileEncoding = 4; lastKnownFileType = text; name = platform.TEMPLATE; path = ../src/zmapMake/platform.TEMPLATE; sourceTree = SOURCE_ROOT; };
		B05DC8160D37D55E00F73DF5 /* README */ = {isa = PBXFileReference; fileEncoding = 4; lastKnownFileType = text; name = README; path = ../src/zmapMake/README; sourceTree = SOURCE_ROOT; };
		B05DC8190D37D55E00F73DF5 /* Makefile.am */ = {isa = PBXFileReference; fileEncoding = 4; lastKnownFileType = text; name = Makefile.am; path = ../src/zmapManager/Makefile.am; sourceTree = SOURCE_ROOT; };
		B05DC81B0D37D55E00F73DF5 /* README */ = {isa = PBXFileReference; fileEncoding = 4; lastKnownFileType = text; name = README; path = ../src/zmapManager/README; sourceTree = SOURCE_ROOT; };
		B05DC81C0D37D55E00F73DF5 /* zmapManager.c */ = {isa = PBXFileReference; fileEncoding = 4; lastKnownFileType = sourcecode.c.c; name = zmapManager.c; path = ../src/zmapManager/zmapManager.c; sourceTree = SOURCE_ROOT; };
		B05DC81D0D37D55E00F73DF5 /* zmapManager_P.h */ = {isa = PBXFileReference; fileEncoding = 4; lastKnownFileType = sourcecode.c.h; name = zmapManager_P.h; path = ../src/zmapManager/zmapManager_P.h; sourceTree = SOURCE_ROOT; };
		B05DC8200D37D55E00F73DF5 /* Makefile.am */ = {isa = PBXFileReference; fileEncoding = 4; lastKnownFileType = text; name = Makefile.am; path = ../src/zmapNavigator/Makefile.am; sourceTree = SOURCE_ROOT; };
		B05DC8230D37D55E00F73DF5 /* Makefile.am */ = {isa = PBXFileReference; fileEncoding = 4; lastKnownFileType = text; name = Makefile.am; path = ../src/zmapNoThreads/Makefile.am; sourceTree = SOURCE_ROOT; };
		B05DC8280D37D55E00F73DF5 /* acedbServer.c */ = {isa = PBXFileReference; fileEncoding = 4; lastKnownFileType = sourcecode.c.c; name = acedbServer.c; path = ../src/zmapServer/acedb/acedbServer.c; sourceTree = SOURCE_ROOT; };
		B05DC8290D37D55E00F73DF5 /* acedbServer_P.h */ = {isa = PBXFileReference; fileEncoding = 4; lastKnownFileType = sourcecode.c.h; name = acedbServer_P.h; path = ../src/zmapServer/acedb/acedbServer_P.h; sourceTree = SOURCE_ROOT; };
		B05DC82A0D37D55E00F73DF5 /* Makefile.am */ = {isa = PBXFileReference; fileEncoding = 4; lastKnownFileType = text; name = Makefile.am; path = ../src/zmapServer/acedb/Makefile.am; sourceTree = SOURCE_ROOT; };
		B05DC82E0D37D55F00F73DF5 /* dasServer.c */ = {isa = PBXFileReference; fileEncoding = 4; lastKnownFileType = sourcecode.c.c; name = dasServer.c; path = ../src/zmapServer/das/dasServer.c; sourceTree = SOURCE_ROOT; };
		B05DC82F0D37D55F00F73DF5 /* dasServer_P.h */ = {isa = PBXFileReference; fileEncoding = 4; lastKnownFileType = sourcecode.c.h; name = dasServer_P.h; path = ../src/zmapServer/das/dasServer_P.h; sourceTree = SOURCE_ROOT; };
		B05DC8300D37D55F00F73DF5 /* Makefile.am */ = {isa = PBXFileReference; fileEncoding = 4; lastKnownFileType = text; name = Makefile.am; path = ../src/zmapServer/das/Makefile.am; sourceTree = SOURCE_ROOT; };
		B05DC8320D37D55F00F73DF5 /* README */ = {isa = PBXFileReference; fileEncoding = 4; lastKnownFileType = text; name = README; path = ../src/zmapServer/das/README; sourceTree = SOURCE_ROOT; };
		B05DC8350D37D55F00F73DF5 /* fileServer.c */ = {isa = PBXFileReference; fileEncoding = 4; lastKnownFileType = sourcecode.c.c; name = fileServer.c; path = ../src/zmapServer/file/fileServer.c; sourceTree = SOURCE_ROOT; };
		B05DC8360D37D55F00F73DF5 /* fileServer_P.h */ = {isa = PBXFileReference; fileEncoding = 4; lastKnownFileType = sourcecode.c.h; name = fileServer_P.h; path = ../src/zmapServer/file/fileServer_P.h; sourceTree = SOURCE_ROOT; };
		B05DC8370D37D55F00F73DF5 /* Makefile.am */ = {isa = PBXFileReference; fileEncoding = 4; lastKnownFileType = text; name = Makefile.am; path = ../src/zmapServer/file/Makefile.am; sourceTree = SOURCE_ROOT; };
		B05DC8390D37D55F00F73DF5 /* README */ = {isa = PBXFileReference; fileEncoding = 4; lastKnownFileType = text; name = README; path = ../src/zmapServer/file/README; sourceTree = SOURCE_ROOT; };
		B05DC83A0D37D55F00F73DF5 /* Makefile.am */ = {isa = PBXFileReference; fileEncoding = 4; lastKnownFileType = text; name = Makefile.am; path = ../src/zmapServer/Makefile.am; sourceTree = SOURCE_ROOT; };
		B05DC83C0D37D55F00F73DF5 /* README */ = {isa = PBXFileReference; fileEncoding = 4; lastKnownFileType = text; name = README; path = ../src/zmapServer/README; sourceTree = SOURCE_ROOT; };
		B05DC83D0D37D55F00F73DF5 /* zmapServer.c */ = {isa = PBXFileReference; fileEncoding = 4; lastKnownFileType = sourcecode.c.c; name = zmapServer.c; path = ../src/zmapServer/zmapServer.c; sourceTree = SOURCE_ROOT; };
		B05DC83E0D37D55F00F73DF5 /* zmapServer.h */ = {isa = PBXFileReference; fileEncoding = 4; lastKnownFileType = sourcecode.c.h; name = zmapServer.h; path = ../src/zmapServer/zmapServer.h; sourceTree = SOURCE_ROOT; };
		B05DC83F0D37D55F00F73DF5 /* zmapServer_P.h */ = {isa = PBXFileReference; fileEncoding = 4; lastKnownFileType = sourcecode.c.h; name = zmapServer_P.h; path = ../src/zmapServer/zmapServer_P.h; sourceTree = SOURCE_ROOT; };
		B05DC8400D37D55F00F73DF5 /* zmapServerProtocolHandler.c */ = {isa = PBXFileReference; fileEncoding = 4; lastKnownFileType = sourcecode.c.c; name = zmapServerProtocolHandler.c; path = ../src/zmapServer/zmapServerProtocolHandler.c; sourceTree = SOURCE_ROOT; };
		B05DC8410D37D55F00F73DF5 /* zmapServerPrototype.h */ = {isa = PBXFileReference; fileEncoding = 4; lastKnownFileType = sourcecode.c.h; name = zmapServerPrototype.h; path = ../src/zmapServer/zmapServerPrototype.h; sourceTree = SOURCE_ROOT; };
		B05DC8440D37D55F00F73DF5 /* Makefile.am */ = {isa = PBXFileReference; fileEncoding = 4; lastKnownFileType = text; name = Makefile.am; path = ../src/zmapThreads/Makefile.am; sourceTree = SOURCE_ROOT; };
		B05DC8460D37D55F00F73DF5 /* README */ = {isa = PBXFileReference; fileEncoding = 4; lastKnownFileType = text; name = README; path = ../src/zmapThreads/README; sourceTree = SOURCE_ROOT; };
		B05DC8470D37D55F00F73DF5 /* zmapSlave.c */ = {isa = PBXFileReference; fileEncoding = 4; lastKnownFileType = sourcecode.c.c; name = zmapSlave.c; path = ../src/zmapThreads/zmapSlave.c; sourceTree = SOURCE_ROOT; };
		B05DC8480D37D55F00F73DF5 /* zmapSlave.test.c */ = {isa = PBXFileReference; fileEncoding = 4; lastKnownFileType = sourcecode.c.c; name = zmapSlave.test.c; path = ../src/zmapThreads/zmapSlave.test.c; sourceTree = SOURCE_ROOT; };
		B05DC8490D37D55F00F73DF5 /* zmapSlave_P.h */ = {isa = PBXFileReference; fileEncoding = 4; lastKnownFileType = sourcecode.c.h; name = zmapSlave_P.h; path = ../src/zmapThreads/zmapSlave_P.h; sourceTree = SOURCE_ROOT; };
		B05DC84A0D37D55F00F73DF5 /* zmapThreads.c */ = {isa = PBXFileReference; fileEncoding = 4; lastKnownFileType = sourcecode.c.c; name = zmapThreads.c; path = ../src/zmapThreads/zmapThreads.c; sourceTree = SOURCE_ROOT; };
		B05DC84B0D37D55F00F73DF5 /* zmapThreads_P.h */ = {isa = PBXFileReference; fileEncoding = 4; lastKnownFileType = sourcecode.c.h; name = zmapThreads_P.h; path = ../src/zmapThreads/zmapThreads_P.h; sourceTree = SOURCE_ROOT; };
		B05DC84C0D37D55F00F73DF5 /* zmapThreadsUtils.c */ = {isa = PBXFileReference; fileEncoding = 4; lastKnownFileType = sourcecode.c.c; name = zmapThreadsUtils.c; path = ../src/zmapThreads/zmapThreadsUtils.c; sourceTree = SOURCE_ROOT; };
		B05DC84F0D37D55F00F73DF5 /* Makefile.am */ = {isa = PBXFileReference; fileEncoding = 4; lastKnownFileType = text; name = Makefile.am; path = ../src/zmapUtils/Makefile.am; sourceTree = SOURCE_ROOT; };
		B05DC8510D37D55F00F73DF5 /* README */ = {isa = PBXFileReference; fileEncoding = 4; lastKnownFileType = text; name = README; path = ../src/zmapUtils/README; sourceTree = SOURCE_ROOT; };
		B05DC8520D37D55F00F73DF5 /* safe-ctype.c */ = {isa = PBXFileReference; fileEncoding = 4; lastKnownFileType = sourcecode.c.c; name = "safe-ctype.c"; path = "../src/zmapUtils/safe-ctype.c"; sourceTree = SOURCE_ROOT; };
		B05DC8530D37D55F00F73DF5 /* safe-ctype.h */ = {isa = PBXFileReference; fileEncoding = 4; lastKnownFileType = sourcecode.c.h; name = "safe-ctype.h"; path = "../src/zmapUtils/safe-ctype.h"; sourceTree = SOURCE_ROOT; };
		B05DC8540D37D55F00F73DF5 /* zmapCigar.c */ = {isa = PBXFileReference; fileEncoding = 4; lastKnownFileType = sourcecode.c.c; name = zmapCigar.c; path = ../src/zmapUtils/zmapCigar.c; sourceTree = SOURCE_ROOT; };
		B05DC8550D37D55F00F73DF5 /* zmapCmdLineArgs.c */ = {isa = PBXFileReference; fileEncoding = 4; lastKnownFileType = sourcecode.c.c; name = zmapCmdLineArgs.c; path = ../src/zmapUtils/zmapCmdLineArgs.c; sourceTree = SOURCE_ROOT; };
		B05DC8560D37D55F00F73DF5 /* zmapCmdLineArgs_P.h */ = {isa = PBXFileReference; fileEncoding = 4; lastKnownFileType = sourcecode.c.h; name = zmapCmdLineArgs_P.h; path = ../src/zmapUtils/zmapCmdLineArgs_P.h; sourceTree = SOURCE_ROOT; };
		B05DC8570D37D55F00F73DF5 /* zmapConfigDir.c */ = {isa = PBXFileReference; fileEncoding = 4; lastKnownFileType = sourcecode.c.c; name = zmapConfigDir.c; path = ../src/zmapUtils/zmapConfigDir.c; sourceTree = SOURCE_ROOT; };
		B05DC8580D37D55F00F73DF5 /* zmapConfigDir_P.h */ = {isa = PBXFileReference; fileEncoding = 4; lastKnownFileType = sourcecode.c.h; name = zmapConfigDir_P.h; path = ../src/zmapUtils/zmapConfigDir_P.h; sourceTree = SOURCE_ROOT; };
		B05DC8590D37D55F00F73DF5 /* zmapDebugger.c */ = {isa = PBXFileReference; fileEncoding = 4; lastKnownFileType = sourcecode.c.c; name = zmapDebugger.c; path = ../src/zmapUtils/zmapDebugger.c; sourceTree = SOURCE_ROOT; };
		B05DC85A0D37D55F00F73DF5 /* zmapDNA.c */ = {isa = PBXFileReference; fileEncoding = 4; lastKnownFileType = sourcecode.c.c; name = zmapDNA.c; path = ../src/zmapUtils/zmapDNA.c; sourceTree = SOURCE_ROOT; };
		B05DC85B0D37D55F00F73DF5 /* zmapFASTA.c */ = {isa = PBXFileReference; fileEncoding = 4; lastKnownFileType = sourcecode.c.c; name = zmapFASTA.c; path = ../src/zmapUtils/zmapFASTA.c; sourceTree = SOURCE_ROOT; };
		B05DC85C0D37D55F00F73DF5 /* zmapFileUtils.c */ = {isa = PBXFileReference; fileEncoding = 4; lastKnownFileType = sourcecode.c.c; name = zmapFileUtils.c; path = ../src/zmapUtils/zmapFileUtils.c; sourceTree = SOURCE_ROOT; };
		B05DC85D0D37D55F00F73DF5 /* zmapFooUtils.c */ = {isa = PBXFileReference; fileEncoding = 4; lastKnownFileType = sourcecode.c.c; name = zmapFooUtils.c; path = ../src/zmapUtils/zmapFooUtils.c; sourceTree = SOURCE_ROOT; };
		B05DC85E0D37D55F00F73DF5 /* zmapGLibUtils.c */ = {isa = PBXFileReference; fileEncoding = 4; lastKnownFileType = sourcecode.c.c; name = zmapGLibUtils.c; path = ../src/zmapUtils/zmapGLibUtils.c; sourceTree = SOURCE_ROOT; };
		B05DC85F0D37D55F00F73DF5 /* zmapGUImenus.c */ = {isa = PBXFileReference; fileEncoding = 4; lastKnownFileType = sourcecode.c.c; name = zmapGUImenus.c; path = ../src/zmapUtils/zmapGUImenus.c; sourceTree = SOURCE_ROOT; };
		B05DC8600D37D55F00F73DF5 /* zmapGUINotebook.c */ = {isa = PBXFileReference; fileEncoding = 4; lastKnownFileType = sourcecode.c.c; name = zmapGUINotebook.c; path = ../src/zmapUtils/zmapGUINotebook.c; sourceTree = SOURCE_ROOT; };
		B05DC8610D37D55F00F73DF5 /* zmapGUIutils.c */ = {isa = PBXFileReference; fileEncoding = 4; lastKnownFileType = sourcecode.c.c; name = zmapGUIutils.c; path = ../src/zmapUtils/zmapGUIutils.c; sourceTree = SOURCE_ROOT; };
		B05DC8620D37D55F00F73DF5 /* zmapHandle.c */ = {isa = PBXFileReference; fileEncoding = 4; lastKnownFileType = sourcecode.c.c; name = zmapHandle.c; path = ../src/zmapUtils/zmapHandle.c; sourceTree = SOURCE_ROOT; };
		B05DC8630D37D55F00F73DF5 /* zmapIO_P.h */ = {isa = PBXFileReference; fileEncoding = 4; lastKnownFileType = sourcecode.c.h; name = zmapIO_P.h; path = ../src/zmapUtils/zmapIO_P.h; sourceTree = SOURCE_ROOT; };
		B05DC8640D37D55F00F73DF5 /* zmapIOOut.c */ = {isa = PBXFileReference; fileEncoding = 4; lastKnownFileType = sourcecode.c.c; name = zmapIOOut.c; path = ../src/zmapUtils/zmapIOOut.c; sourceTree = SOURCE_ROOT; };
		B05DC8650D37D55F00F73DF5 /* zmapLogging.c */ = {isa = PBXFileReference; fileEncoding = 4; lastKnownFileType = sourcecode.c.c; name = zmapLogging.c; path = ../src/zmapUtils/zmapLogging.c; sourceTree = SOURCE_ROOT; };
		B05DC8660D37D55F00F73DF5 /* zmapPeptide.c */ = {isa = PBXFileReference; fileEncoding = 4; lastKnownFileType = sourcecode.c.c; name = zmapPeptide.c; path = ../src/zmapUtils/zmapPeptide.c; sourceTree = SOURCE_ROOT; };
		B05DC8670D37D55F00F73DF5 /* zmapReadLine.c */ = {isa = PBXFileReference; fileEncoding = 4; lastKnownFileType = sourcecode.c.c; name = zmapReadLine.c; path = ../src/zmapUtils/zmapReadLine.c; sourceTree = SOURCE_ROOT; };
		B05DC8680D37D55F00F73DF5 /* zmapReadLine_P.h */ = {isa = PBXFileReference; fileEncoding = 4; lastKnownFileType = sourcecode.c.h; name = zmapReadLine_P.h; path = ../src/zmapUtils/zmapReadLine_P.h; sourceTree = SOURCE_ROOT; };
		B05DC8690D37D55F00F73DF5 /* zmapSequence.c */ = {isa = PBXFileReference; fileEncoding = 4; lastKnownFileType = sourcecode.c.c; name = zmapSequence.c; path = ../src/zmapUtils/zmapSequence.c; sourceTree = SOURCE_ROOT; };
		B05DC86A0D37D55F00F73DF5 /* zmapString.c */ = {isa = PBXFileReference; fileEncoding = 4; lastKnownFileType = sourcecode.c.c; name = zmapString.c; path = ../src/zmapUtils/zmapString.c; sourceTree = SOURCE_ROOT; };
		B05DC86B0D37D55F00F73DF5 /* zmapTextContext.c */ = {isa = PBXFileReference; fileEncoding = 4; lastKnownFileType = sourcecode.c.c; name = zmapTextContext.c; path = ../src/zmapUtils/zmapTextContext.c; sourceTree = SOURCE_ROOT; };
		B05DC86C0D37D55F00F73DF5 /* zmapUrl.c */ = {isa = PBXFileReference; fileEncoding = 4; lastKnownFileType = sourcecode.c.c; name = zmapUrl.c; path = ../src/zmapUtils/zmapUrl.c; sourceTree = SOURCE_ROOT; };
		B05DC86D0D37D55F00F73DF5 /* zmapUrlOptions.h */ = {isa = PBXFileReference; fileEncoding = 4; lastKnownFileType = sourcecode.c.h; name = zmapUrlOptions.h; path = ../src/zmapUtils/zmapUrlOptions.h; sourceTree = SOURCE_ROOT; };
		B05DC86E0D37D55F00F73DF5 /* zmapUrlUtils.c */ = {isa = PBXFileReference; fileEncoding = 4; lastKnownFileType = sourcecode.c.c; name = zmapUrlUtils.c; path = ../src/zmapUtils/zmapUrlUtils.c; sourceTree = SOURCE_ROOT; };
		B05DC86F0D37D55F00F73DF5 /* zmapUrlUtils.h */ = {isa = PBXFileReference; fileEncoding = 4; lastKnownFileType = sourcecode.c.h; name = zmapUrlUtils.h; path = ../src/zmapUtils/zmapUrlUtils.h; sourceTree = SOURCE_ROOT; };
		B05DC8700D37D55F00F73DF5 /* zmapUtils.c */ = {isa = PBXFileReference; fileEncoding = 4; lastKnownFileType = sourcecode.c.c; name = zmapUtils.c; path = ../src/zmapUtils/zmapUtils.c; sourceTree = SOURCE_ROOT; };
		B05DC8710D37D55F00F73DF5 /* zmapUtils_P.h */ = {isa = PBXFileReference; fileEncoding = 4; lastKnownFileType = sourcecode.c.h; name = zmapUtils_P.h; path = ../src/zmapUtils/zmapUtils_P.h; sourceTree = SOURCE_ROOT; };
		B05DC8720D37D55F00F73DF5 /* zmapUtilsConfig.c */ = {isa = PBXFileReference; fileEncoding = 4; lastKnownFileType = sourcecode.c.c; name = zmapUtilsConfig.c; path = ../src/zmapUtils/zmapUtilsConfig.c; sourceTree = SOURCE_ROOT; };
		B05DC8730D37D55F00F73DF5 /* zmapUtilsSpawn.c */ = {isa = PBXFileReference; fileEncoding = 4; lastKnownFileType = sourcecode.c.c; name = zmapUtilsSpawn.c; path = ../src/zmapUtils/zmapUtilsSpawn.c; sourceTree = SOURCE_ROOT; };
		B05DC8740D37D55F00F73DF5 /* zmapWebBrowser.c */ = {isa = PBXFileReference; fileEncoding = 4; lastKnownFileType = sourcecode.c.c; name = zmapWebBrowser.c; path = ../src/zmapUtils/zmapWebBrowser.c; sourceTree = SOURCE_ROOT; };
		B05DC8750D37D55F00F73DF5 /* zmapXRemoteUtils.c */ = {isa = PBXFileReference; fileEncoding = 4; lastKnownFileType = sourcecode.c.c; name = zmapXRemoteUtils.c; path = ../src/zmapUtils/zmapXRemoteUtils.c; sourceTree = SOURCE_ROOT; };
		B05DC8780D37D55F00F73DF5 /* Makefile.am */ = {isa = PBXFileReference; fileEncoding = 4; lastKnownFileType = text; name = Makefile.am; path = ../src/zmapView/Makefile.am; sourceTree = SOURCE_ROOT; };
		B05DC87A0D37D55F00F73DF5 /* README */ = {isa = PBXFileReference; fileEncoding = 4; lastKnownFileType = text; name = README; path = ../src/zmapView/README; sourceTree = SOURCE_ROOT; };
		B05DC87B0D37D55F00F73DF5 /* TAGS */ = {isa = PBXFileReference; fileEncoding = 4; lastKnownFileType = text; name = TAGS; path = ../src/zmapView/TAGS; sourceTree = SOURCE_ROOT; };
		B05DC87C0D37D55F00F73DF5 /* zmapView.c */ = {isa = PBXFileReference; fileEncoding = 4; lastKnownFileType = sourcecode.c.c; name = zmapView.c; path = ../src/zmapView/zmapView.c; sourceTree = SOURCE_ROOT; };
		B05DC87D0D37D55F00F73DF5 /* zmapView_P.h */ = {isa = PBXFileReference; fileEncoding = 4; lastKnownFileType = sourcecode.c.h; name = zmapView_P.h; path = ../src/zmapView/zmapView_P.h; sourceTree = SOURCE_ROOT; };
		B05DC87E0D37D55F00F73DF5 /* zmapViewCallBlixem.c */ = {isa = PBXFileReference; fileEncoding = 4; lastKnownFileType = sourcecode.c.c; name = zmapViewCallBlixem.c; path = ../src/zmapView/zmapViewCallBlixem.c; sourceTree = SOURCE_ROOT; };
		B05DC87F0D37D55F00F73DF5 /* zmapViewRemoteReceive.c */ = {isa = PBXFileReference; fileEncoding = 4; lastKnownFileType = sourcecode.c.c; name = zmapViewRemoteReceive.c; path = ../src/zmapView/zmapViewRemoteReceive.c; sourceTree = SOURCE_ROOT; };
		B05DC8800D37D55F00F73DF5 /* zmapViewRemoteSend.c */ = {isa = PBXFileReference; fileEncoding = 4; lastKnownFileType = sourcecode.c.c; name = zmapViewRemoteSend.c; path = ../src/zmapView/zmapViewRemoteSend.c; sourceTree = SOURCE_ROOT; };
		B05DC8810D37D55F00F73DF5 /* zmapViewUtils.c */ = {isa = PBXFileReference; fileEncoding = 4; lastKnownFileType = sourcecode.c.c; name = zmapViewUtils.c; path = ../src/zmapView/zmapViewUtils.c; sourceTree = SOURCE_ROOT; };
		B05DC8840D37D55F00F73DF5 /* GFF_scaffold.c */ = {isa = PBXFileReference; fileEncoding = 4; lastKnownFileType = sourcecode.c.c; name = GFF_scaffold.c; path = ../src/zmapWindow/GFF_scaffold.c; sourceTree = SOURCE_ROOT; };
		B05DC8850D37D55F00F73DF5 /* Makefile.am */ = {isa = PBXFileReference; fileEncoding = 4; lastKnownFileType = text; name = Makefile.am; path = ../src/zmapWindow/Makefile.am; sourceTree = SOURCE_ROOT; };
		B05DC8870D37D55F00F73DF5 /* README */ = {isa = PBXFileReference; fileEncoding = 4; lastKnownFileType = text; name = README; path = ../src/zmapWindow/README; sourceTree = SOURCE_ROOT; };
		B05DC8880D37D55F00F73DF5 /* TextContextIdeas.c */ = {isa = PBXFileReference; fileEncoding = 4; lastKnownFileType = sourcecode.c.c; name = TextContextIdeas.c; path = ../src/zmapWindow/TextContextIdeas.c; sourceTree = SOURCE_ROOT; };
		B05DC8890D37D55F00F73DF5 /* zmapWindow.c */ = {isa = PBXFileReference; fileEncoding = 4; lastKnownFileType = sourcecode.c.c; name = zmapWindow.c; path = ../src/zmapWindow/zmapWindow.c; sourceTree = SOURCE_ROOT; };
		B05DC88A0D37D55F00F73DF5 /* zmapWindow_P.h */ = {isa = PBXFileReference; fileEncoding = 4; lastKnownFileType = sourcecode.c.h; name = zmapWindow_P.h; path = ../src/zmapWindow/zmapWindow_P.h; sourceTree = SOURCE_ROOT; };
		B05DC88B0D37D55F00F73DF5 /* zmapWindowCanvasDebug.c */ = {isa = PBXFileReference; fileEncoding = 4; lastKnownFileType = sourcecode.c.c; name = zmapWindowCanvasDebug.c; path = ../src/zmapWindow/zmapWindowCanvasDebug.c; sourceTree = SOURCE_ROOT; };
		B05DC88C0D37D55F00F73DF5 /* zmapWindowColBump.c */ = {isa = PBXFileReference; fileEncoding = 4; lastKnownFileType = sourcecode.c.c; name = zmapWindowColBump.c; path = ../src/zmapWindow/zmapWindowColBump.c; sourceTree = SOURCE_ROOT; };
		B05DC88D0D37D55F00F73DF5 /* zmapWindowColConfig.c */ = {isa = PBXFileReference; fileEncoding = 4; lastKnownFileType = sourcecode.c.c; name = zmapWindowColConfig.c; path = ../src/zmapWindow/zmapWindowColConfig.c; sourceTree = SOURCE_ROOT; };
		B05DC88E0D37D55F00F73DF5 /* zmapWindowColOrder.c */ = {isa = PBXFileReference; fileEncoding = 4; lastKnownFileType = sourcecode.c.c; name = zmapWindowColOrder.c; path = ../src/zmapWindow/zmapWindowColOrder.c; sourceTree = SOURCE_ROOT; };
		B05DC88F0D37D55F00F73DF5 /* zmapWindowContainer.c */ = {isa = PBXFileReference; fileEncoding = 4; lastKnownFileType = sourcecode.c.c; name = zmapWindowContainer.c; path = ../src/zmapWindow/zmapWindowContainer.c; sourceTree = SOURCE_ROOT; };
		B05DC8900D37D55F00F73DF5 /* zmapWindowContainer.h */ = {isa = PBXFileReference; fileEncoding = 4; lastKnownFileType = sourcecode.c.h; name = zmapWindowContainer.h; path = ../src/zmapWindow/zmapWindowContainer.h; sourceTree = SOURCE_ROOT; };
		B05DC8910D37D55F00F73DF5 /* zmapWindowDNA.c */ = {isa = PBXFileReference; fileEncoding = 4; lastKnownFileType = sourcecode.c.c; name = zmapWindowDNA.c; path = ../src/zmapWindow/zmapWindowDNA.c; sourceTree = SOURCE_ROOT; };
		B05DC8920D37D55F00F73DF5 /* zmapWindowDNAChoose.c */ = {isa = PBXFileReference; fileEncoding = 4; lastKnownFileType = sourcecode.c.c; name = zmapWindowDNAChoose.c; path = ../src/zmapWindow/zmapWindowDNAChoose.c; sourceTree = SOURCE_ROOT; };
		B05DC8930D37D55F00F73DF5 /* zmapWindowDNAList.c */ = {isa = PBXFileReference; fileEncoding = 4; lastKnownFileType = sourcecode.c.c; name = zmapWindowDNAList.c; path = ../src/zmapWindow/zmapWindowDNAList.c; sourceTree = SOURCE_ROOT; };
		B05DC8940D37D55F00F73DF5 /* zmapWindowDraw.c */ = {isa = PBXFileReference; fileEncoding = 4; lastKnownFileType = sourcecode.c.c; name = zmapWindowDraw.c; path = ../src/zmapWindow/zmapWindowDraw.c; sourceTree = SOURCE_ROOT; };
		B05DC8950D37D55F00F73DF5 /* zmapWindowDrawFeatures.c */ = {isa = PBXFileReference; fileEncoding = 4; lastKnownFileType = sourcecode.c.c; name = zmapWindowDrawFeatures.c; path = ../src/zmapWindow/zmapWindowDrawFeatures.c; sourceTree = SOURCE_ROOT; };
		B05DC8960D37D55F00F73DF5 /* zmapWindowDump.c */ = {isa = PBXFileReference; fileEncoding = 4; lastKnownFileType = sourcecode.c.c; name = zmapWindowDump.c; path = ../src/zmapWindow/zmapWindowDump.c; sourceTree = SOURCE_ROOT; };
		B05DC8970D37D55F00F73DF5 /* zmapWindowEditor.c */ = {isa = PBXFileReference; fileEncoding = 4; lastKnownFileType = sourcecode.c.c; name = zmapWindowEditor.c; path = ../src/zmapWindow/zmapWindowEditor.c; sourceTree = SOURCE_ROOT; };
		B05DC8980D37D55F00F73DF5 /* zmapWindowExport.c */ = {isa = PBXFileReference; fileEncoding = 4; lastKnownFileType = sourcecode.c.c; name = zmapWindowExport.c; path = ../src/zmapWindow/zmapWindowExport.c; sourceTree = SOURCE_ROOT; };
		B05DC8990D37D55F00F73DF5 /* zmapWindowFeature.c */ = {isa = PBXFileReference; fileEncoding = 4; lastKnownFileType = sourcecode.c.c; name = zmapWindowFeature.c; path = ../src/zmapWindow/zmapWindowFeature.c; sourceTree = SOURCE_ROOT; };
		B05DC89A0D37D55F00F73DF5 /* zmapWindowFeatureList.c */ = {isa = PBXFileReference; fileEncoding = 4; lastKnownFileType = sourcecode.c.c; name = zmapWindowFeatureList.c; path = ../src/zmapWindow/zmapWindowFeatureList.c; sourceTree = SOURCE_ROOT; };
		B05DC89B0D37D55F00F73DF5 /* zmapWindowFeatureShow.c */ = {isa = PBXFileReference; fileEncoding = 4; lastKnownFileType = sourcecode.c.c; name = zmapWindowFeatureShow.c; path = ../src/zmapWindow/zmapWindowFeatureShow.c; sourceTree = SOURCE_ROOT; };
		B05DC89C0D37D55F00F73DF5 /* zmapWindowFocus.c */ = {isa = PBXFileReference; fileEncoding = 4; lastKnownFileType = sourcecode.c.c; name = zmapWindowFocus.c; path = ../src/zmapWindow/zmapWindowFocus.c; sourceTree = SOURCE_ROOT; };
		B05DC89D0D37D55F00F73DF5 /* zmapWindowFrame.c */ = {isa = PBXFileReference; fileEncoding = 4; lastKnownFileType = sourcecode.c.c; name = zmapWindowFrame.c; path = ../src/zmapWindow/zmapWindowFrame.c; sourceTree = SOURCE_ROOT; };
		B05DC89E0D37D55F00F73DF5 /* zmapWindowItem.c */ = {isa = PBXFileReference; fileEncoding = 4; lastKnownFileType = sourcecode.c.c; name = zmapWindowItem.c; path = ../src/zmapWindow/zmapWindowItem.c; sourceTree = SOURCE_ROOT; };
		B05DC89F0D37D55F00F73DF5 /* zmapWindowItemDebug.c */ = {isa = PBXFileReference; fileEncoding = 4; lastKnownFileType = sourcecode.c.c; name = zmapWindowItemDebug.c; path = ../src/zmapWindow/zmapWindowItemDebug.c; sourceTree = SOURCE_ROOT; };
		B05DC8A00D37D55F00F73DF5 /* zmapWindowItemFactory.c */ = {isa = PBXFileReference; fileEncoding = 4; lastKnownFileType = sourcecode.c.c; name = zmapWindowItemFactory.c; path = ../src/zmapWindow/zmapWindowItemFactory.c; sourceTree = SOURCE_ROOT; };
		B05DC8A10D37D55F00F73DF5 /* zmapWindowItemFactory.h */ = {isa = PBXFileReference; fileEncoding = 4; lastKnownFileType = sourcecode.c.h; name = zmapWindowItemFactory.h; path = ../src/zmapWindow/zmapWindowItemFactory.h; sourceTree = SOURCE_ROOT; };
		B05DC8A20D37D55F00F73DF5 /* zmapWindowItemFeatureSet.c */ = {isa = PBXFileReference; fileEncoding = 4; lastKnownFileType = sourcecode.c.c; name = zmapWindowItemFeatureSet.c; path = ../src/zmapWindow/zmapWindowItemFeatureSet.c; sourceTree = SOURCE_ROOT; };
		B05DC8A30D37D55F00F73DF5 /* zmapWindowItemHash.c */ = {isa = PBXFileReference; fileEncoding = 4; lastKnownFileType = sourcecode.c.c; name = zmapWindowItemHash.c; path = ../src/zmapWindow/zmapWindowItemHash.c; sourceTree = SOURCE_ROOT; };
		B05DC8A40D37D55F00F73DF5 /* zmapWindowItemText.c */ = {isa = PBXFileReference; fileEncoding = 4; lastKnownFileType = sourcecode.c.c; name = zmapWindowItemText.c; path = ../src/zmapWindow/zmapWindowItemText.c; sourceTree = SOURCE_ROOT; };
		B05DC8A50D37D55F00F73DF5 /* zmapWindowItemTextFillColumn.h */ = {isa = PBXFileReference; fileEncoding = 4; lastKnownFileType = sourcecode.c.h; name = zmapWindowItemTextFillColumn.h; path = ../src/zmapWindow/zmapWindowItemTextFillColumn.h; sourceTree = SOURCE_ROOT; };
		B05DC8A60D37D55F00F73DF5 /* zmapWindowList.c */ = {isa = PBXFileReference; fileEncoding = 4; lastKnownFileType = sourcecode.c.c; name = zmapWindowList.c; path = ../src/zmapWindow/zmapWindowList.c; sourceTree = SOURCE_ROOT; };
		B05DC8A70D37D55F00F73DF5 /* zmapWindowLongItems.c */ = {isa = PBXFileReference; fileEncoding = 4; lastKnownFileType = sourcecode.c.c; name = zmapWindowLongItems.c; path = ../src/zmapWindow/zmapWindowLongItems.c; sourceTree = SOURCE_ROOT; };
		B05DC8A80D37D55F00F73DF5 /* zmapWindowMark.c */ = {isa = PBXFileReference; fileEncoding = 4; lastKnownFileType = sourcecode.c.c; name = zmapWindowMark.c; path = ../src/zmapWindow/zmapWindowMark.c; sourceTree = SOURCE_ROOT; };
		B05DC8A90D37D55F00F73DF5 /* zmapWindowMenus.c */ = {isa = PBXFileReference; fileEncoding = 4; lastKnownFileType = sourcecode.c.c; name = zmapWindowMenus.c; path = ../src/zmapWindow/zmapWindowMenus.c; sourceTree = SOURCE_ROOT; };
		B05DC8AA0D37D55F00F73DF5 /* zmapWindowNavigator.c */ = {isa = PBXFileReference; fileEncoding = 4; lastKnownFileType = sourcecode.c.c; name = zmapWindowNavigator.c; path = ../src/zmapWindow/zmapWindowNavigator.c; sourceTree = SOURCE_ROOT; };
		B05DC8AB0D37D55F00F73DF5 /* zmapWindowNavigator_P.h */ = {isa = PBXFileReference; fileEncoding = 4; lastKnownFileType = sourcecode.c.h; name = zmapWindowNavigator_P.h; path = ../src/zmapWindow/zmapWindowNavigator_P.h; sourceTree = SOURCE_ROOT; };
		B05DC8AC0D37D55F00F73DF5 /* zmapWindowNavigatorMenus.c */ = {isa = PBXFileReference; fileEncoding = 4; lastKnownFileType = sourcecode.c.c; name = zmapWindowNavigatorMenus.c; path = ../src/zmapWindow/zmapWindowNavigatorMenus.c; sourceTree = SOURCE_ROOT; };
		B05DC8AD0D37D55F00F73DF5 /* zmapWindowNavigatorWidget.c */ = {isa = PBXFileReference; fileEncoding = 4; lastKnownFileType = sourcecode.c.c; name = zmapWindowNavigatorWidget.c; path = ../src/zmapWindow/zmapWindowNavigatorWidget.c; sourceTree = SOURCE_ROOT; };
		B05DC8AE0D37D55F00F73DF5 /* zmapWindowOverlays.c */ = {isa = PBXFileReference; fileEncoding = 4; lastKnownFileType = sourcecode.c.c; name = zmapWindowOverlays.c; path = ../src/zmapWindow/zmapWindowOverlays.c; sourceTree = SOURCE_ROOT; };
		B05DC8AF0D37D55F00F73DF5 /* zmapWindowOverlays.h */ = {isa = PBXFileReference; fileEncoding = 4; lastKnownFileType = sourcecode.c.h; name = zmapWindowOverlays.h; path = ../src/zmapWindow/zmapWindowOverlays.h; sourceTree = SOURCE_ROOT; };
		B05DC8B00D37D55F00F73DF5 /* zmapWindowPrint.c */ = {isa = PBXFileReference; fileEncoding = 4; lastKnownFileType = sourcecode.c.c; name = zmapWindowPrint.c; path = ../src/zmapWindow/zmapWindowPrint.c; sourceTree = SOURCE_ROOT; };
		B05DC8B10D37D55F00F73DF5 /* zmapWindowRemoteReceive.c */ = {isa = PBXFileReference; fileEncoding = 4; lastKnownFileType = sourcecode.c.c; name = zmapWindowRemoteReceive.c; path = ../src/zmapWindow/zmapWindowRemoteReceive.c; sourceTree = SOURCE_ROOT; };
		B05DC8B20D37D55F00F73DF5 /* zmapWindowRuler.c */ = {isa = PBXFileReference; fileEncoding = 4; lastKnownFileType = sourcecode.c.c; name = zmapWindowRuler.c; path = ../src/zmapWindow/zmapWindowRuler.c; sourceTree = SOURCE_ROOT; };
		B05DC8B30D37D55F00F73DF5 /* zmapWindowSearch.c */ = {isa = PBXFileReference; fileEncoding = 4; lastKnownFileType = sourcecode.c.c; name = zmapWindowSearch.c; path = ../src/zmapWindow/zmapWindowSearch.c; sourceTree = SOURCE_ROOT; };
		B05DC8B40D37D55F00F73DF5 /* zmapWindowState.c */ = {isa = PBXFileReference; fileEncoding = 4; lastKnownFileType = sourcecode.c.c; name = zmapWindowState.c; path = ../src/zmapWindow/zmapWindowState.c; sourceTree = SOURCE_ROOT; };
		B05DC8B50D37D55F00F73DF5 /* zmapWindowState.h */ = {isa = PBXFileReference; fileEncoding = 4; lastKnownFileType = sourcecode.c.h; name = zmapWindowState.h; path = ../src/zmapWindow/zmapWindowState.h; sourceTree = SOURCE_ROOT; };
		B05DC8B60D37D55F00F73DF5 /* zmapWindowStats.c */ = {isa = PBXFileReference; fileEncoding = 4; lastKnownFileType = sourcecode.c.c; name = zmapWindowStats.c; path = ../src/zmapWindow/zmapWindowStats.c; sourceTree = SOURCE_ROOT; };
		B05DC8B70D37D55F00F73DF5 /* zmapWindowTextPositioner.c */ = {isa = PBXFileReference; fileEncoding = 4; lastKnownFileType = sourcecode.c.c; name = zmapWindowTextPositioner.c; path = ../src/zmapWindow/zmapWindowTextPositioner.c; sourceTree = SOURCE_ROOT; };
		B05DC8B80D37D55F00F73DF5 /* zmapWindowTextPositioner.h */ = {isa = PBXFileReference; fileEncoding = 4; lastKnownFileType = sourcecode.c.h; name = zmapWindowTextPositioner.h; path = ../src/zmapWindow/zmapWindowTextPositioner.h; sourceTree = SOURCE_ROOT; };
		B05DC8B90D37D55F00F73DF5 /* zmapWindowUtils.c */ = {isa = PBXFileReference; fileEncoding = 4; lastKnownFileType = sourcecode.c.c; name = zmapWindowUtils.c; path = ../src/zmapWindow/zmapWindowUtils.c; sourceTree = SOURCE_ROOT; };
		B05DC8BA0D37D55F00F73DF5 /* zmapWindowZoomControl.c */ = {isa = PBXFileReference; fileEncoding = 4; lastKnownFileType = sourcecode.c.c; name = zmapWindowZoomControl.c; path = ../src/zmapWindow/zmapWindowZoomControl.c; sourceTree = SOURCE_ROOT; };
		B05DC8BB0D37D55F00F73DF5 /* zmapWindowZoomControl_P.h */ = {isa = PBXFileReference; fileEncoding = 4; lastKnownFileType = sourcecode.c.h; name = zmapWindowZoomControl_P.h; path = ../src/zmapWindow/zmapWindowZoomControl_P.h; sourceTree = SOURCE_ROOT; };
		B05DC8BE0D37D55F00F73DF5 /* example_xml_writer.c */ = {isa = PBXFileReference; fileEncoding = 4; lastKnownFileType = sourcecode.c.c; name = example_xml_writer.c; path = ../src/zmapXML/example_xml_writer.c; sourceTree = SOURCE_ROOT; };
		B05DC8BF0D37D55F00F73DF5 /* Makefile.am */ = {isa = PBXFileReference; fileEncoding = 4; lastKnownFileType = text; name = Makefile.am; path = ../src/zmapXML/Makefile.am; sourceTree = SOURCE_ROOT; };
		B05DC8C10D37D55F00F73DF5 /* remoteApp.xsd */ = {isa = PBXFileReference; fileEncoding = 4; lastKnownFileType = text.xml; name = remoteApp.xsd; path = ../src/zmapXML/remoteApp.xsd; sourceTree = SOURCE_ROOT; };
		B05DC8C20D37D55F00F73DF5 /* remoteControl.xsd */ = {isa = PBXFileReference; fileEncoding = 4; lastKnownFileType = text.xml; name = remoteControl.xsd; path = ../src/zmapXML/remoteControl.xsd; sourceTree = SOURCE_ROOT; };
		B05DC8C30D37D55F00F73DF5 /* remoteResponse.xsd */ = {isa = PBXFileReference; fileEncoding = 4; lastKnownFileType = text.xml; name = remoteResponse.xsd; path = ../src/zmapXML/remoteResponse.xsd; sourceTree = SOURCE_ROOT; };
		B05DC8C40D37D55F00F73DF5 /* zmapXML_P.h */ = {isa = PBXFileReference; fileEncoding = 4; lastKnownFileType = sourcecode.c.h; name = zmapXML_P.h; path = ../src/zmapXML/zmapXML_P.h; sourceTree = SOURCE_ROOT; };
		B05DC8C50D37D55F00F73DF5 /* zmapXMLAttribute.c */ = {isa = PBXFileReference; fileEncoding = 4; lastKnownFileType = sourcecode.c.c; name = zmapXMLAttribute.c; path = ../src/zmapXML/zmapXMLAttribute.c; sourceTree = SOURCE_ROOT; };
		B05DC8C60D37D55F00F73DF5 /* zmapXMLDocument.c */ = {isa = PBXFileReference; fileEncoding = 4; lastKnownFileType = sourcecode.c.c; name = zmapXMLDocument.c; path = ../src/zmapXML/zmapXMLDocument.c; sourceTree = SOURCE_ROOT; };
		B05DC8C70D37D55F00F73DF5 /* zmapXMLElement.c */ = {isa = PBXFileReference; fileEncoding = 4; lastKnownFileType = sourcecode.c.c; name = zmapXMLElement.c; path = ../src/zmapXML/zmapXMLElement.c; sourceTree = SOURCE_ROOT; };
		B05DC8C80D37D55F00F73DF5 /* zmapXMLParse copy 2.c */ = {isa = PBXFileReference; fileEncoding = 4; lastKnownFileType = sourcecode.c.c; name = "zmapXMLParse copy 2.c"; path = "../src/zmapXML/zmapXMLParse copy 2.c"; sourceTree = SOURCE_ROOT; };
		B05DC8C90D37D55F00F73DF5 /* zmapXMLParse copy.c */ = {isa = PBXFileReference; fileEncoding = 4; lastKnownFileType = sourcecode.c.c; name = "zmapXMLParse copy.c"; path = "../src/zmapXML/zmapXMLParse copy.c"; sourceTree = SOURCE_ROOT; };
		B05DC8CA0D37D55F00F73DF5 /* zmapXMLParse.c */ = {isa = PBXFileReference; fileEncoding = 4; lastKnownFileType = sourcecode.c.c; name = zmapXMLParse.c; path = ../src/zmapXML/zmapXMLParse.c; sourceTree = SOURCE_ROOT; };
		B05DC8CB0D37D55F00F73DF5 /* zmapXMLUtils.c */ = {isa = PBXFileReference; fileEncoding = 4; lastKnownFileType = sourcecode.c.c; name = zmapXMLUtils.c; path = ../src/zmapXML/zmapXMLUtils.c; sourceTree = SOURCE_ROOT; };
		B05DC8CC0D37D55F00F73DF5 /* zmapXMLWriter.c */ = {isa = PBXFileReference; fileEncoding = 4; lastKnownFileType = sourcecode.c.c; name = zmapXMLWriter.c; path = ../src/zmapXML/zmapXMLWriter.c; sourceTree = SOURCE_ROOT; };
		B05DC8CF0D37D55F00F73DF5 /* Makefile.am */ = {isa = PBXFileReference; fileEncoding = 4; lastKnownFileType = text; name = Makefile.am; path = ../src/include/Makefile.am; sourceTree = SOURCE_ROOT; };
		B05DC8D20D37D55F00F73DF5 /* sysdep.h */ = {isa = PBXFileReference; fileEncoding = 4; lastKnownFileType = sourcecode.c.h; name = sysdep.h; path = ../src/include/ZMap/sysdep.h; sourceTree = SOURCE_ROOT; };
		B05DC8D30D37D55F00F73DF5 /* zmapCmdLineArgs.h */ = {isa = PBXFileReference; fileEncoding = 4; lastKnownFileType = sourcecode.c.h; name = zmapCmdLineArgs.h; path = ../src/include/ZMap/zmapCmdLineArgs.h; sourceTree = SOURCE_ROOT; };
		B05DC8D40D37D55F00F73DF5 /* zmapConfig.h */ = {isa = PBXFileReference; fileEncoding = 4; lastKnownFileType = sourcecode.c.h; name = zmapConfig.h; path = ../src/include/ZMap/zmapConfig.h; sourceTree = SOURCE_ROOT; };
		B05DC8D50D37D55F00F73DF5 /* zmapConfigDir.h */ = {isa = PBXFileReference; fileEncoding = 4; lastKnownFileType = sourcecode.c.h; name = zmapConfigDir.h; path = ../src/include/ZMap/zmapConfigDir.h; sourceTree = SOURCE_ROOT; };
		B05DC8D60D37D55F00F73DF5 /* zmapConfigKeyboard.h */ = {isa = PBXFileReference; fileEncoding = 4; lastKnownFileType = sourcecode.c.h; name = zmapConfigKeyboard.h; path = ../src/include/ZMap/zmapConfigKeyboard.h; sourceTree = SOURCE_ROOT; };
		B05DC8D70D37D55F00F73DF5 /* zmapConfigStrings.h */ = {isa = PBXFileReference; fileEncoding = 4; lastKnownFileType = sourcecode.c.h; name = zmapConfigStrings.h; path = ../src/include/ZMap/zmapConfigStrings.h; sourceTree = SOURCE_ROOT; };
		B05DC8D80D37D55F00F73DF5 /* zmapConfigStyleDefaults.h */ = {isa = PBXFileReference; fileEncoding = 4; lastKnownFileType = sourcecode.c.h; name = zmapConfigStyleDefaults.h; path = ../src/include/ZMap/zmapConfigStyleDefaults.h; sourceTree = SOURCE_ROOT; };
		B05DC8D90D37D55F00F73DF5 /* zmapControl.h */ = {isa = PBXFileReference; fileEncoding = 4; lastKnownFileType = sourcecode.c.h; name = zmapControl.h; path = ../src/include/ZMap/zmapControl.h; sourceTree = SOURCE_ROOT; };
		B05DC8DA0D37D55F00F73DF5 /* zmapDAS.h */ = {isa = PBXFileReference; fileEncoding = 4; lastKnownFileType = sourcecode.c.h; name = zmapDAS.h; path = ../src/include/ZMap/zmapDAS.h; sourceTree = SOURCE_ROOT; };
		B05DC8DB0D37D55F00F73DF5 /* zmapDNA.h */ = {isa = PBXFileReference; fileEncoding = 4; lastKnownFileType = sourcecode.c.h; name = zmapDNA.h; path = ../src/include/ZMap/zmapDNA.h; sourceTree = SOURCE_ROOT; };
		B05DC8DC0D37D55F00F73DF5 /* zmapDraw.h */ = {isa = PBXFileReference; fileEncoding = 4; lastKnownFileType = sourcecode.c.h; name = zmapDraw.h; path = ../src/include/ZMap/zmapDraw.h; sourceTree = SOURCE_ROOT; };
		B05DC8DD0D37D55F00F73DF5 /* zmapFASTA.h */ = {isa = PBXFileReference; fileEncoding = 4; lastKnownFileType = sourcecode.c.h; name = zmapFASTA.h; path = ../src/include/ZMap/zmapFASTA.h; sourceTree = SOURCE_ROOT; };
		B05DC8DE0D37D55F00F73DF5 /* zmapFeature.h */ = {isa = PBXFileReference; fileEncoding = 4; lastKnownFileType = sourcecode.c.h; name = zmapFeature.h; path = ../src/include/ZMap/zmapFeature.h; sourceTree = SOURCE_ROOT; };
		B05DC8DF0D37D55F00F73DF5 /* zmapGFF.h */ = {isa = PBXFileReference; fileEncoding = 4; lastKnownFileType = sourcecode.c.h; name = zmapGFF.h; path = ../src/include/ZMap/zmapGFF.h; sourceTree = SOURCE_ROOT; };
		B05DC8E00D37D55F00F73DF5 /* zmapGLibUtils.h */ = {isa = PBXFileReference; fileEncoding = 4; lastKnownFileType = sourcecode.c.h; name = zmapGLibUtils.h; path = ../src/include/ZMap/zmapGLibUtils.h; sourceTree = SOURCE_ROOT; };
		B05DC8E10D37D55F00F73DF5 /* zmapIO.h */ = {isa = PBXFileReference; fileEncoding = 4; lastKnownFileType = sourcecode.c.h; name = zmapIO.h; path = ../src/include/ZMap/zmapIO.h; sourceTree = SOURCE_ROOT; };
		B05DC8E20D37D55F00F73DF5 /* zmapManager.h */ = {isa = PBXFileReference; fileEncoding = 4; lastKnownFileType = sourcecode.c.h; name = zmapManager.h; path = ../src/include/ZMap/zmapManager.h; sourceTree = SOURCE_ROOT; };
		B05DC8E30D37D55F00F73DF5 /* zmapNavigator.h */ = {isa = PBXFileReference; fileEncoding = 4; lastKnownFileType = sourcecode.c.h; name = zmapNavigator.h; path = ../src/include/ZMap/zmapNavigator.h; sourceTree = SOURCE_ROOT; };
		B05DC8E40D37D55F00F73DF5 /* zmapNavigatorStippleG.xbm */ = {isa = PBXFileReference; fileEncoding = 4; lastKnownFileType = text; name = zmapNavigatorStippleG.xbm; path = ../src/include/ZMap/zmapNavigatorStippleG.xbm; sourceTree = SOURCE_ROOT; };
		B05DC8E50D37D55F00F73DF5 /* zmapPeptide.h */ = {isa = PBXFileReference; fileEncoding = 4; lastKnownFileType = sourcecode.c.h; name = zmapPeptide.h; path = ../src/include/ZMap/zmapPeptide.h; sourceTree = SOURCE_ROOT; };
		B05DC8E60D37D55F00F73DF5 /* zmapReadLine.h */ = {isa = PBXFileReference; fileEncoding = 4; lastKnownFileType = sourcecode.c.h; name = zmapReadLine.h; path = ../src/include/ZMap/zmapReadLine.h; sourceTree = SOURCE_ROOT; };
		B05DC8E70D37D55F00F73DF5 /* zmapSequence.h */ = {isa = PBXFileReference; fileEncoding = 4; lastKnownFileType = sourcecode.c.h; name = zmapSequence.h; path = ../src/include/ZMap/zmapSequence.h; sourceTree = SOURCE_ROOT; };
		B05DC8E80D37D55F00F73DF5 /* zmapServerProtocol.h */ = {isa = PBXFileReference; fileEncoding = 4; lastKnownFileType = sourcecode.c.h; name = zmapServerProtocol.h; path = ../src/include/ZMap/zmapServerProtocol.h; sourceTree = SOURCE_ROOT; };
		B05DC8E90D37D55F00F73DF5 /* zmapString.h */ = {isa = PBXFileReference; fileEncoding = 4; lastKnownFileType = sourcecode.c.h; name = zmapString.h; path = ../src/include/ZMap/zmapString.h; sourceTree = SOURCE_ROOT; };
		B05DC8EA0D37D55F00F73DF5 /* zmapStyle.h */ = {isa = PBXFileReference; fileEncoding = 4; lastKnownFileType = sourcecode.c.h; name = zmapStyle.h; path = ../src/include/ZMap/zmapStyle.h; sourceTree = SOURCE_ROOT; };
		B05DC8EB0D37D55F00F73DF5 /* zmapTextContext.h */ = {isa = PBXFileReference; fileEncoding = 4; lastKnownFileType = sourcecode.c.h; name = zmapTextContext.h; path = ../src/include/ZMap/zmapTextContext.h; sourceTree = SOURCE_ROOT; };
		B05DC8EC0D37D55F00F73DF5 /* zmapThreads.h */ = {isa = PBXFileReference; fileEncoding = 4; lastKnownFileType = sourcecode.c.h; name = zmapThreads.h; path = ../src/include/ZMap/zmapThreads.h; sourceTree = SOURCE_ROOT; };
		B05DC8ED0D37D55F00F73DF5 /* zmapUrl.h */ = {isa = PBXFileReference; fileEncoding = 4; lastKnownFileType = sourcecode.c.h; name = zmapUrl.h; path = ../src/include/ZMap/zmapUrl.h; sourceTree = SOURCE_ROOT; };
		B05DC8EE0D37D55F00F73DF5 /* zmapUrlUtils.h */ = {isa = PBXFileReference; fileEncoding = 4; lastKnownFileType = sourcecode.c.h; name = zmapUrlUtils.h; path = ../src/include/ZMap/zmapUrlUtils.h; sourceTree = SOURCE_ROOT; };
		B05DC8EF0D37D55F00F73DF5 /* zmapUtils.h */ = {isa = PBXFileReference; fileEncoding = 4; lastKnownFileType = sourcecode.c.h; name = zmapUtils.h; path = ../src/include/ZMap/zmapUtils.h; sourceTree = SOURCE_ROOT; };
		B05DC8F00D37D55F00F73DF5 /* zmapUtilsCheck.h */ = {isa = PBXFileReference; fileEncoding = 4; lastKnownFileType = sourcecode.c.h; name = zmapUtilsCheck.h; path = ../src/include/ZMap/zmapUtilsCheck.h; sourceTree = SOURCE_ROOT; };
		B05DC8F10D37D55F00F73DF5 /* zmapUtilsDebug.h */ = {isa = PBXFileReference; fileEncoding = 4; lastKnownFileType = sourcecode.c.h; name = zmapUtilsDebug.h; path = ../src/include/ZMap/zmapUtilsDebug.h; sourceTree = SOURCE_ROOT; };
		B05DC8F20D37D55F00F73DF5 /* zmapUtilsFoo.h */ = {isa = PBXFileReference; fileEncoding = 4; lastKnownFileType = sourcecode.c.h; name = zmapUtilsFoo.h; path = ../src/include/ZMap/zmapUtilsFoo.h; sourceTree = SOURCE_ROOT; };
		B05DC8F30D37D55F00F73DF5 /* zmapUtilsGUI.h */ = {isa = PBXFileReference; fileEncoding = 4; lastKnownFileType = sourcecode.c.h; name = zmapUtilsGUI.h; path = ../src/include/ZMap/zmapUtilsGUI.h; sourceTree = SOURCE_ROOT; };
		B05DC8F40D37D55F00F73DF5 /* zmapUtilsHandle.h */ = {isa = PBXFileReference; fileEncoding = 4; lastKnownFileType = sourcecode.c.h; name = zmapUtilsHandle.h; path = ../src/include/ZMap/zmapUtilsHandle.h; sourceTree = SOURCE_ROOT; };
		B05DC8F50D37D55F00F73DF5 /* zmapUtilsLog.h */ = {isa = PBXFileReference; fileEncoding = 4; lastKnownFileType = sourcecode.c.h; name = zmapUtilsLog.h; path = ../src/include/ZMap/zmapUtilsLog.h; sourceTree = SOURCE_ROOT; };
		B05DC8F60D37D55F00F73DF5 /* zmapUtilsMesg.h */ = {isa = PBXFileReference; fileEncoding = 4; lastKnownFileType = sourcecode.c.h; name = zmapUtilsMesg.h; path = ../src/include/ZMap/zmapUtilsMesg.h; sourceTree = SOURCE_ROOT; };
		B05DC8F70D37D55F00F73DF5 /* zmapUtilsXRemote.h */ = {isa = PBXFileReference; fileEncoding = 4; lastKnownFileType = sourcecode.c.h; name = zmapUtilsXRemote.h; path = ../src/include/ZMap/zmapUtilsXRemote.h; sourceTree = SOURCE_ROOT; };
		B05DC8F80D37D55F00F73DF5 /* zmapView.h */ = {isa = PBXFileReference; fileEncoding = 4; lastKnownFileType = sourcecode.c.h; name = zmapView.h; path = ../src/include/ZMap/zmapView.h; sourceTree = SOURCE_ROOT; };
		B05DC8F90D37D55F00F73DF5 /* zmapWebPages.h */ = {isa = PBXFileReference; fileEncoding = 4; lastKnownFileType = sourcecode.c.h; name = zmapWebPages.h; path = ../src/include/ZMap/zmapWebPages.h; sourceTree = SOURCE_ROOT; };
		B05DC8FA0D37D55F00F73DF5 /* zmapWindow.h */ = {isa = PBXFileReference; fileEncoding = 4; lastKnownFileType = sourcecode.c.h; name = zmapWindow.h; path = ../src/include/ZMap/zmapWindow.h; sourceTree = SOURCE_ROOT; };
		B05DC8FB0D37D55F00F73DF5 /* zmapWindowDrawFeatures.h */ = {isa = PBXFileReference; fileEncoding = 4; lastKnownFileType = sourcecode.c.h; name = zmapWindowDrawFeatures.h; path = ../src/include/ZMap/zmapWindowDrawFeatures.h; sourceTree = SOURCE_ROOT; };
		B05DC8FC0D37D55F00F73DF5 /* zmapWindowNavigator.h */ = {isa = PBXFileReference; fileEncoding = 4; lastKnownFileType = sourcecode.c.h; name = zmapWindowNavigator.h; path = ../src/include/ZMap/zmapWindowNavigator.h; sourceTree = SOURCE_ROOT; };
		B05DC8FD0D37D55F00F73DF5 /* zmapXML.h */ = {isa = PBXFileReference; fileEncoding = 4; lastKnownFileType = sourcecode.c.h; name = zmapXML.h; path = ../src/include/ZMap/zmapXML.h; sourceTree = SOURCE_ROOT; };
		B05DC8FE0D37D55F00F73DF5 /* zmapXMLHandler.h */ = {isa = PBXFileReference; fileEncoding = 4; lastKnownFileType = sourcecode.c.h; name = zmapXMLHandler.h; path = ../src/include/ZMap/zmapXMLHandler.h; sourceTree = SOURCE_ROOT; };
		B05DC8FF0D37D55F00F73DF5 /* zmapXRemote.h */ = {isa = PBXFileReference; fileEncoding = 4; lastKnownFileType = sourcecode.c.h; name = zmapXRemote.h; path = ../src/include/ZMap/zmapXRemote.h; sourceTree = SOURCE_ROOT; };
		B05DC9010D37D55F00F73DF5 /* build.sh */ = {isa = PBXFileReference; fileEncoding = 4; lastKnownFileType = text.script.sh; name = build.sh; path = ../src/perl/build.sh; sourceTree = SOURCE_ROOT; };
		B05DC9040D37D55F00F73DF5 /* Changes */ = {isa = PBXFileReference; fileEncoding = 4; lastKnownFileType = text; name = Changes; path = "../src/perl/X11-XRemote-0.01/Changes"; sourceTree = SOURCE_ROOT; };
		B05DC9070D37D55F00F73DF5 /* XRemote.pm */ = {isa = PBXFileReference; fileEncoding = 4; lastKnownFileType = text.script.perl; name = XRemote.pm; path = "../src/perl/X11-XRemote-0.01/lib/X11/XRemote.pm"; sourceTree = SOURCE_ROOT; };
		B05DC9090D37D55F00F73DF5 /* Makefile.PL */ = {isa = PBXFileReference; fileEncoding = 4; lastKnownFileType = text.script.perl; name = Makefile.PL; path = "../src/perl/X11-XRemote-0.01/Makefile.PL"; sourceTree = SOURCE_ROOT; };
		B05DC90A0D37D55F00F73DF5 /* MANIFEST */ = {isa = PBXFileReference; fileEncoding = 4; lastKnownFileType = text; name = MANIFEST; path = "../src/perl/X11-XRemote-0.01/MANIFEST"; sourceTree = SOURCE_ROOT; };
		B05DC90C0D37D55F00F73DF5 /* README */ = {isa = PBXFileReference; fileEncoding = 4; lastKnownFileType = text; name = README; path = "../src/perl/X11-XRemote-0.01/README"; sourceTree = SOURCE_ROOT; };
		B05DC90D0D37D55F00F73DF5 /* test.pl */ = {isa = PBXFileReference; fileEncoding = 4; lastKnownFileType = text.script.perl; name = test.pl; path = "../src/perl/X11-XRemote-0.01/test.pl"; sourceTree = SOURCE_ROOT; };
		B05DC90E0D37D55F00F73DF5 /* tk_test.pl */ = {isa = PBXFileReference; fileEncoding = 4; lastKnownFileType = text.script.perl; name = tk_test.pl; path = "../src/perl/X11-XRemote-0.01/tk_test.pl"; sourceTree = SOURCE_ROOT; };
		B05DC90F0D37D55F00F73DF5 /* typemap */ = {isa = PBXFileReference; fileEncoding = 4; lastKnownFileType = text; name = typemap; path = "../src/perl/X11-XRemote-0.01/typemap"; sourceTree = SOURCE_ROOT; };
		B05DC9120D37D55F00F73DF5 /* XRemote.o */ = {isa = PBXFileReference; lastKnownFileType = "compiled.mach-o.objfile"; name = XRemote.o; path = "../src/perl/X11-XRemote-0.01/XRemote.o"; sourceTree = SOURCE_ROOT; };
		B05DC9130D37D55F00F73DF5 /* XRemote.xs */ = {isa = PBXFileReference; fileEncoding = 4; lastKnownFileType = text; name = XRemote.xs; path = "../src/perl/X11-XRemote-0.01/XRemote.xs"; sourceTree = SOURCE_ROOT; };
/* End PBXFileReference section */

/* Begin PBXGroup section */
		B04289A40D37AA0E000CC50D = {
			isa = PBXGroup;
			children = (
				B05DC7AE0D37D55E00F73DF5 /* zmapApp */,
				B05DC7BC0D37D55E00F73DF5 /* zmapConfig */,
				B05DC7C70D37D55E00F73DF5 /* zmapControl */,
				B05DC7E20D37D55E00F73DF5 /* zmapDAS */,
				B05DC7E50D37D55E00F73DF5 /* zmapData */,
				B05DC7E70D37D55E00F73DF5 /* zmapDocs */,
				B05DC7EC0D37D55E00F73DF5 /* zmapDraw */,
				B05DC7F20D37D55E00F73DF5 /* zmapFeature */,
				B05DC8020D37D55E00F73DF5 /* zmapGFF */,
				B05DC80B0D37D55E00F73DF5 /* zmapMake */,
				B05DC8170D37D55E00F73DF5 /* zmapManager */,
				B05DC81E0D37D55E00F73DF5 /* zmapNavigator */,
				B05DC8210D37D55E00F73DF5 /* zmapNoThreads */,
				B05DC8240D37D55E00F73DF5 /* zmapServer */,
				B05DC8420D37D55F00F73DF5 /* zmapThreads */,
				B05DC84D0D37D55F00F73DF5 /* zmapUtils */,
				B05DC8760D37D55F00F73DF5 /* zmapView */,
				B05DC8820D37D55F00F73DF5 /* zmapWindow */,
				B05DC8BC0D37D55F00F73DF5 /* zmapXML */,
				B05DC8CD0D37D55F00F73DF5 /* include */,
				B05DC9000D37D55F00F73DF5 /* perl */,
				B0428B090D37AAE0000CC50D /* configure.ac */,
				B0428B0A0D37AAE0000CC50D /* runconfig */,
				B0428B0B0D37AAE0000CC50D /* runbootstrap */,
				B0428B0C0D37AAE0000CC50D /* bootstrap */,
			);
			sourceTree = "<group>";
		};
		B05DC7AE0D37D55E00F73DF5 /* zmapApp */ = {
			isa = PBXGroup;
			children = (
				B05DC7B10D37D55E00F73DF5 /* Makefile.am */,
				B05DC7B30D37D55E00F73DF5 /* README */,
				B05DC7B40D37D55E00F73DF5 /* zmapApp_P.h */,
				B05DC7B50D37D55E00F73DF5 /* zmapAppconnect.c */,
				B05DC7B60D37D55E00F73DF5 /* zmapAppmain_c.c */,
				B05DC7B70D37D55E00F73DF5 /* zmapAppmain_c.cc */,
				B05DC7B80D37D55E00F73DF5 /* zmapAppmanage.c */,
				B05DC7B90D37D55E00F73DF5 /* zmapAppmenubar.c */,
				B05DC7BA0D37D55E00F73DF5 /* zmapAppremote.c */,
				B05DC7BB0D37D55E00F73DF5 /* zmapAppwindow.c */,
			);
			name = zmapApp;
			path = ../src/zmapApp;
			sourceTree = SOURCE_ROOT;
		};
		B05DC7BC0D37D55E00F73DF5 /* zmapConfig */ = {
			isa = PBXGroup;
			children = (
				B05DC7BE0D37D55E00F73DF5 /* Makefile.am */,
				B05DC7C00D37D55E00F73DF5 /* README */,
				B05DC7C10D37D55E00F73DF5 /* zmapConfig.c */,
				B05DC7C20D37D55E00F73DF5 /* zmapConfig_P.h */,
				B05DC7C30D37D55E00F73DF5 /* zmapConfigGet.c */,
				B05DC7C40D37D55E00F73DF5 /* zmapConfigRead.c */,
				B05DC7C50D37D55E00F73DF5 /* zmapConfigUtils.c */,
				B05DC7C60D37D55E00F73DF5 /* zmapConfigWrite.c */,
			);
			name = zmapConfig;
			path = ../src/zmapConfig;
			sourceTree = SOURCE_ROOT;
		};
		B05DC7C70D37D55E00F73DF5 /* zmapControl */ = {
			isa = PBXGroup;
			children = (
				B05DC7C90D37D55E00F73DF5 /* Makefile.am */,
				B05DC7CB0D37D55E00F73DF5 /* README */,
				B05DC7CC0D37D55E00F73DF5 /* remote */,
				B05DC7D50D37D55E00F73DF5 /* zmapControl.c */,
				B05DC7D60D37D55E00F73DF5 /* zmapControl_P.h */,
				B05DC7D70D37D55E00F73DF5 /* zmapControlNavigator.c */,
				B05DC7D80D37D55E00F73DF5 /* zmapControlPreferences.c */,
				B05DC7D90D37D55E00F73DF5 /* zmapControlRemoteReceive.c */,
				B05DC7DA0D37D55E00F73DF5 /* zmapControlRemoteSend.c */,
				B05DC7DB0D37D55E00F73DF5 /* zmapControlViews.c */,
				B05DC7DC0D37D55E00F73DF5 /* zmapControlWindow.c */,
				B05DC7DD0D37D55E00F73DF5 /* zmapControlWindowButtons.c */,
				B05DC7DE0D37D55E00F73DF5 /* zmapControlWindowFrame.c */,
				B05DC7DF0D37D55E00F73DF5 /* zmapControlWindowInfoPanel.c */,
				B05DC7E00D37D55E00F73DF5 /* zmapControlWindowMenubar.c */,
				B05DC7E10D37D55E00F73DF5 /* zmapNavigator_P.h */,
			);
			name = zmapControl;
			path = ../src/zmapControl;
			sourceTree = SOURCE_ROOT;
		};
		B05DC7CC0D37D55E00F73DF5 /* remote */ = {
			isa = PBXGroup;
			children = (
				B05DC7CE0D37D55E00F73DF5 /* Makefile.am */,
				B05DC7D00D37D55E00F73DF5 /* test_commands.txt */,
				B05DC7D10D37D55E00F73DF5 /* xremote_gui_test.c */,
				B05DC7D20D37D55E00F73DF5 /* zmap_crash_handler.c */,
				B05DC7D30D37D55E00F73DF5 /* zmapXRemote.c */,
				B05DC7D40D37D55E00F73DF5 /* zmapXRemote_P.h */,
			);
			name = remote;
			path = ../src/zmapControl/remote;
			sourceTree = SOURCE_ROOT;
		};
		B05DC7E20D37D55E00F73DF5 /* zmapDAS */ = {
			isa = PBXGroup;
			children = (
				B05DC7E30D37D55E00F73DF5 /* zmapDAS1DSN.c */,
				B05DC7E40D37D55E00F73DF5 /* zmapDAS1Parser.c */,
			);
			name = zmapDAS;
			path = ../src/zmapDAS;
			sourceTree = SOURCE_ROOT;
		};
		B05DC7E50D37D55E00F73DF5 /* zmapData */ = {
			isa = PBXGroup;
			children = (
				B05DC7E60D37D55E00F73DF5 /* interval_db.c */,
			);
			name = zmapData;
			path = ../src/zmapData;
			sourceTree = SOURCE_ROOT;
		};
		B05DC7E70D37D55E00F73DF5 /* zmapDocs */ = {
			isa = PBXGroup;
			children = (
				B05DC7E90D37D55E00F73DF5 /* Makefile.am */,
				B05DC7EB0D37D55E00F73DF5 /* ZMapMainPage.c */,
			);
			name = zmapDocs;
			path = ../src/zmapDocs;
			sourceTree = SOURCE_ROOT;
		};
		B05DC7EC0D37D55E00F73DF5 /* zmapDraw */ = {
			isa = PBXGroup;
			children = (
				B05DC7EE0D37D55E00F73DF5 /* Makefile.am */,
				B05DC7F00D37D55E00F73DF5 /* zmapDraw.c */,
				B05DC7F10D37D55E00F73DF5 /* zmapDraw_P.h */,
			);
			name = zmapDraw;
			path = ../src/zmapDraw;
			sourceTree = SOURCE_ROOT;
		};
		B05DC7F20D37D55E00F73DF5 /* zmapFeature */ = {
			isa = PBXGroup;
			children = (
				B05DC7F50D37D55E00F73DF5 /* Makefile.am */,
				B05DC7F70D37D55E00F73DF5 /* README */,
				B05DC7F80D37D55E00F73DF5 /* zmapFeature.c */,
				B05DC7F90D37D55E00F73DF5 /* zmapFeature_P.h */,
				B05DC7FA0D37D55E00F73DF5 /* zmapFeatureContext.c */,
				B05DC7FB0D37D55E00F73DF5 /* zmapFeatureContextUtils.c */,
				B05DC7FC0D37D55E00F73DF5 /* zmapFeatureFormatInput.c */,
				B05DC7FD0D37D55E00F73DF5 /* zmapFeatureTypes.c */,
				B05DC7FE0D37D55E00F73DF5 /* zmapFeatureUtils.c */,
				B05DC7FF0D37D55E00F73DF5 /* zmapFeatureXML.c */,
				B05DC8000D37D55E00F73DF5 /* zmapStyle.c */,
				B05DC8010D37D55E00F73DF5 /* zmapStyle_P.h */,
			);
			name = zmapFeature;
			path = ../src/zmapFeature;
			sourceTree = SOURCE_ROOT;
		};
		B05DC8020D37D55E00F73DF5 /* zmapGFF */ = {
			isa = PBXGroup;
			children = (
				B05DC8040D37D55E00F73DF5 /* gffparser.c */,
				B05DC8050D37D55E00F73DF5 /* Makefile.am */,
				B05DC8070D37D55E00F73DF5 /* README */,
				B05DC8080D37D55E00F73DF5 /* zmapGFF2Dumper.c */,
				B05DC8090D37D55E00F73DF5 /* zmapGFF2parser.c */,
				B05DC80A0D37D55E00F73DF5 /* zmapGFF_P.h */,
			);
			name = zmapGFF;
			path = ../src/zmapGFF;
			sourceTree = SOURCE_ROOT;
		};
		B05DC80B0D37D55E00F73DF5 /* zmapMake */ = {
			isa = PBXGroup;
			children = (
				B05DC80D0D37D55E00F73DF5 /* common.base_targets */,
				B05DC80E0D37D55E00F73DF5 /* common.defs */,
				B05DC80F0D37D55E00F73DF5 /* common.targets */,
				B05DC8100D37D55E00F73DF5 /* Makefile.am */,
				B05DC8120D37D55E00F73DF5 /* makefile.TEMPLATE */,
				B05DC8130D37D55E00F73DF5 /* platform.alpha_5 */,
				B05DC8140D37D55E00F73DF5 /* platform.linux_4 */,
				B05DC8150D37D55E00F73DF5 /* platform.TEMPLATE */,
				B05DC8160D37D55E00F73DF5 /* README */,
			);
			name = zmapMake;
			path = ../src/zmapMake;
			sourceTree = SOURCE_ROOT;
		};
		B05DC8170D37D55E00F73DF5 /* zmapManager */ = {
			isa = PBXGroup;
			children = (
				B05DC8190D37D55E00F73DF5 /* Makefile.am */,
				B05DC81B0D37D55E00F73DF5 /* README */,
				B05DC81C0D37D55E00F73DF5 /* zmapManager.c */,
				B05DC81D0D37D55E00F73DF5 /* zmapManager_P.h */,
			);
			name = zmapManager;
			path = ../src/zmapManager;
			sourceTree = SOURCE_ROOT;
		};
		B05DC81E0D37D55E00F73DF5 /* zmapNavigator */ = {
			isa = PBXGroup;
			children = (
				B05DC8200D37D55E00F73DF5 /* Makefile.am */,
			);
			name = zmapNavigator;
			path = ../src/zmapNavigator;
			sourceTree = SOURCE_ROOT;
		};
		B05DC8210D37D55E00F73DF5 /* zmapNoThreads */ = {
			isa = PBXGroup;
			children = (
				B05DC8230D37D55E00F73DF5 /* Makefile.am */,
			);
			name = zmapNoThreads;
			path = ../src/zmapNoThreads;
			sourceTree = SOURCE_ROOT;
		};
		B05DC8240D37D55E00F73DF5 /* zmapServer */ = {
			isa = PBXGroup;
			children = (
				B05DC8260D37D55E00F73DF5 /* acedb */,
				B05DC82C0D37D55E00F73DF5 /* das */,
				B05DC8330D37D55F00F73DF5 /* file */,
				B05DC83A0D37D55F00F73DF5 /* Makefile.am */,
				B05DC83C0D37D55F00F73DF5 /* README */,
				B05DC83D0D37D55F00F73DF5 /* zmapServer.c */,
				B05DC83E0D37D55F00F73DF5 /* zmapServer.h */,
				B05DC83F0D37D55F00F73DF5 /* zmapServer_P.h */,
				B05DC8400D37D55F00F73DF5 /* zmapServerProtocolHandler.c */,
				B05DC8410D37D55F00F73DF5 /* zmapServerPrototype.h */,
			);
			name = zmapServer;
			path = ../src/zmapServer;
			sourceTree = SOURCE_ROOT;
		};
		B05DC8260D37D55E00F73DF5 /* acedb */ = {
			isa = PBXGroup;
			children = (
				B05DC8280D37D55E00F73DF5 /* acedbServer.c */,
				B05DC8290D37D55E00F73DF5 /* acedbServer_P.h */,
				B05DC82A0D37D55E00F73DF5 /* Makefile.am */,
			);
			name = acedb;
			path = ../src/zmapServer/acedb;
			sourceTree = SOURCE_ROOT;
		};
		B05DC82C0D37D55E00F73DF5 /* das */ = {
			isa = PBXGroup;
			children = (
				B05DC82E0D37D55F00F73DF5 /* dasServer.c */,
				B05DC82F0D37D55F00F73DF5 /* dasServer_P.h */,
				B05DC8300D37D55F00F73DF5 /* Makefile.am */,
				B05DC8320D37D55F00F73DF5 /* README */,
			);
			name = das;
			path = ../src/zmapServer/das;
			sourceTree = SOURCE_ROOT;
		};
		B05DC8330D37D55F00F73DF5 /* file */ = {
			isa = PBXGroup;
			children = (
				B05DC8350D37D55F00F73DF5 /* fileServer.c */,
				B05DC8360D37D55F00F73DF5 /* fileServer_P.h */,
				B05DC8370D37D55F00F73DF5 /* Makefile.am */,
				B05DC8390D37D55F00F73DF5 /* README */,
			);
			name = file;
			path = ../src/zmapServer/file;
			sourceTree = SOURCE_ROOT;
		};
		B05DC8420D37D55F00F73DF5 /* zmapThreads */ = {
			isa = PBXGroup;
			children = (
				B05DC8440D37D55F00F73DF5 /* Makefile.am */,
				B05DC8460D37D55F00F73DF5 /* README */,
				B05DC8470D37D55F00F73DF5 /* zmapSlave.c */,
				B05DC8480D37D55F00F73DF5 /* zmapSlave.test.c */,
				B05DC8490D37D55F00F73DF5 /* zmapSlave_P.h */,
				B05DC84A0D37D55F00F73DF5 /* zmapThreads.c */,
				B05DC84B0D37D55F00F73DF5 /* zmapThreads_P.h */,
				B05DC84C0D37D55F00F73DF5 /* zmapThreadsUtils.c */,
			);
			name = zmapThreads;
			path = ../src/zmapThreads;
			sourceTree = SOURCE_ROOT;
		};
		B05DC84D0D37D55F00F73DF5 /* zmapUtils */ = {
			isa = PBXGroup;
			children = (
				B05DC84F0D37D55F00F73DF5 /* Makefile.am */,
				B05DC8510D37D55F00F73DF5 /* README */,
				B05DC8520D37D55F00F73DF5 /* safe-ctype.c */,
				B05DC8530D37D55F00F73DF5 /* safe-ctype.h */,
				B05DC8540D37D55F00F73DF5 /* zmapCigar.c */,
				B05DC8550D37D55F00F73DF5 /* zmapCmdLineArgs.c */,
				B05DC8560D37D55F00F73DF5 /* zmapCmdLineArgs_P.h */,
				B05DC8570D37D55F00F73DF5 /* zmapConfigDir.c */,
				B05DC8580D37D55F00F73DF5 /* zmapConfigDir_P.h */,
				B05DC8590D37D55F00F73DF5 /* zmapDebugger.c */,
				B05DC85A0D37D55F00F73DF5 /* zmapDNA.c */,
				B05DC85B0D37D55F00F73DF5 /* zmapFASTA.c */,
				B05DC85C0D37D55F00F73DF5 /* zmapFileUtils.c */,
				B05DC85D0D37D55F00F73DF5 /* zmapFooUtils.c */,
				B05DC85E0D37D55F00F73DF5 /* zmapGLibUtils.c */,
				B05DC85F0D37D55F00F73DF5 /* zmapGUImenus.c */,
				B05DC8600D37D55F00F73DF5 /* zmapGUINotebook.c */,
				B05DC8610D37D55F00F73DF5 /* zmapGUIutils.c */,
				B05DC8620D37D55F00F73DF5 /* zmapHandle.c */,
				B05DC8630D37D55F00F73DF5 /* zmapIO_P.h */,
				B05DC8640D37D55F00F73DF5 /* zmapIOOut.c */,
				B05DC8650D37D55F00F73DF5 /* zmapLogging.c */,
				B05DC8660D37D55F00F73DF5 /* zmapPeptide.c */,
				B05DC8670D37D55F00F73DF5 /* zmapReadLine.c */,
				B05DC8680D37D55F00F73DF5 /* zmapReadLine_P.h */,
				B05DC8690D37D55F00F73DF5 /* zmapSequence.c */,
				B05DC86A0D37D55F00F73DF5 /* zmapString.c */,
				B05DC86B0D37D55F00F73DF5 /* zmapTextContext.c */,
				B05DC86C0D37D55F00F73DF5 /* zmapUrl.c */,
				B05DC86D0D37D55F00F73DF5 /* zmapUrlOptions.h */,
				B05DC86E0D37D55F00F73DF5 /* zmapUrlUtils.c */,
				B05DC86F0D37D55F00F73DF5 /* zmapUrlUtils.h */,
				B05DC8700D37D55F00F73DF5 /* zmapUtils.c */,
				B05DC8710D37D55F00F73DF5 /* zmapUtils_P.h */,
				B05DC8720D37D55F00F73DF5 /* zmapUtilsConfig.c */,
				B05DC8730D37D55F00F73DF5 /* zmapUtilsSpawn.c */,
				B05DC8740D37D55F00F73DF5 /* zmapWebBrowser.c */,
				B05DC8750D37D55F00F73DF5 /* zmapXRemoteUtils.c */,
			);
			name = zmapUtils;
			path = ../src/zmapUtils;
			sourceTree = SOURCE_ROOT;
		};
		B05DC8760D37D55F00F73DF5 /* zmapView */ = {
			isa = PBXGroup;
			children = (
				B05DC8780D37D55F00F73DF5 /* Makefile.am */,
				B05DC87A0D37D55F00F73DF5 /* README */,
				B05DC87B0D37D55F00F73DF5 /* TAGS */,
				B05DC87C0D37D55F00F73DF5 /* zmapView.c */,
				B05DC87D0D37D55F00F73DF5 /* zmapView_P.h */,
				B05DC87E0D37D55F00F73DF5 /* zmapViewCallBlixem.c */,
				B05DC87F0D37D55F00F73DF5 /* zmapViewRemoteReceive.c */,
				B05DC8800D37D55F00F73DF5 /* zmapViewRemoteSend.c */,
				B05DC8810D37D55F00F73DF5 /* zmapViewUtils.c */,
			);
			name = zmapView;
			path = ../src/zmapView;
			sourceTree = SOURCE_ROOT;
		};
		B05DC8820D37D55F00F73DF5 /* zmapWindow */ = {
			isa = PBXGroup;
			children = (
				B05DC8840D37D55F00F73DF5 /* GFF_scaffold.c */,
				B05DC8850D37D55F00F73DF5 /* Makefile.am */,
				B05DC8870D37D55F00F73DF5 /* README */,
				B05DC8880D37D55F00F73DF5 /* TextContextIdeas.c */,
				B05DC8890D37D55F00F73DF5 /* zmapWindow.c */,
				B05DC88A0D37D55F00F73DF5 /* zmapWindow_P.h */,
				B05DC88B0D37D55F00F73DF5 /* zmapWindowCanvasDebug.c */,
				B05DC88C0D37D55F00F73DF5 /* zmapWindowColBump.c */,
				B05DC88D0D37D55F00F73DF5 /* zmapWindowColConfig.c */,
				B05DC88E0D37D55F00F73DF5 /* zmapWindowColOrder.c */,
				B05DC88F0D37D55F00F73DF5 /* zmapWindowContainer.c */,
				B05DC8900D37D55F00F73DF5 /* zmapWindowContainer.h */,
				B05DC8910D37D55F00F73DF5 /* zmapWindowDNA.c */,
				B05DC8920D37D55F00F73DF5 /* zmapWindowDNAChoose.c */,
				B05DC8930D37D55F00F73DF5 /* zmapWindowDNAList.c */,
				B05DC8940D37D55F00F73DF5 /* zmapWindowDraw.c */,
				B05DC8950D37D55F00F73DF5 /* zmapWindowDrawFeatures.c */,
				B05DC8960D37D55F00F73DF5 /* zmapWindowDump.c */,
				B05DC8970D37D55F00F73DF5 /* zmapWindowEditor.c */,
				B05DC8980D37D55F00F73DF5 /* zmapWindowExport.c */,
				B05DC8990D37D55F00F73DF5 /* zmapWindowFeature.c */,
				B05DC89A0D37D55F00F73DF5 /* zmapWindowFeatureList.c */,
				B05DC89B0D37D55F00F73DF5 /* zmapWindowFeatureShow.c */,
				B05DC89C0D37D55F00F73DF5 /* zmapWindowFocus.c */,
				B05DC89D0D37D55F00F73DF5 /* zmapWindowFrame.c */,
				B05DC89E0D37D55F00F73DF5 /* zmapWindowItem.c */,
				B05DC89F0D37D55F00F73DF5 /* zmapWindowItemDebug.c */,
				B05DC8A00D37D55F00F73DF5 /* zmapWindowItemFactory.c */,
				B05DC8A10D37D55F00F73DF5 /* zmapWindowItemFactory.h */,
				B05DC8A20D37D55F00F73DF5 /* zmapWindowItemFeatureSet.c */,
				B05DC8A30D37D55F00F73DF5 /* zmapWindowItemHash.c */,
				B05DC8A40D37D55F00F73DF5 /* zmapWindowItemText.c */,
				B05DC8A50D37D55F00F73DF5 /* zmapWindowItemTextFillColumn.h */,
				B05DC8A60D37D55F00F73DF5 /* zmapWindowList.c */,
				B05DC8A70D37D55F00F73DF5 /* zmapWindowLongItems.c */,
				B05DC8A80D37D55F00F73DF5 /* zmapWindowMark.c */,
				B05DC8A90D37D55F00F73DF5 /* zmapWindowMenus.c */,
				B05DC8AA0D37D55F00F73DF5 /* zmapWindowNavigator.c */,
				B05DC8AB0D37D55F00F73DF5 /* zmapWindowNavigator_P.h */,
				B05DC8AC0D37D55F00F73DF5 /* zmapWindowNavigatorMenus.c */,
				B05DC8AD0D37D55F00F73DF5 /* zmapWindowNavigatorWidget.c */,
				B05DC8AE0D37D55F00F73DF5 /* zmapWindowOverlays.c */,
				B05DC8AF0D37D55F00F73DF5 /* zmapWindowOverlays.h */,
				B05DC8B00D37D55F00F73DF5 /* zmapWindowPrint.c */,
				B05DC8B10D37D55F00F73DF5 /* zmapWindowRemoteReceive.c */,
				B05DC8B20D37D55F00F73DF5 /* zmapWindowRuler.c */,
				B05DC8B30D37D55F00F73DF5 /* zmapWindowSearch.c */,
				B05DC8B40D37D55F00F73DF5 /* zmapWindowState.c */,
				B05DC8B50D37D55F00F73DF5 /* zmapWindowState.h */,
				B05DC8B60D37D55F00F73DF5 /* zmapWindowStats.c */,
				B05DC8B70D37D55F00F73DF5 /* zmapWindowTextPositioner.c */,
				B05DC8B80D37D55F00F73DF5 /* zmapWindowTextPositioner.h */,
				B05DC8B90D37D55F00F73DF5 /* zmapWindowUtils.c */,
				B05DC8BA0D37D55F00F73DF5 /* zmapWindowZoomControl.c */,
				B05DC8BB0D37D55F00F73DF5 /* zmapWindowZoomControl_P.h */,
			);
			name = zmapWindow;
			path = ../src/zmapWindow;
			sourceTree = SOURCE_ROOT;
		};
		B05DC8BC0D37D55F00F73DF5 /* zmapXML */ = {
			isa = PBXGroup;
			children = (
				B05DC8BE0D37D55F00F73DF5 /* example_xml_writer.c */,
				B05DC8BF0D37D55F00F73DF5 /* Makefile.am */,
				B05DC8C10D37D55F00F73DF5 /* remoteApp.xsd */,
				B05DC8C20D37D55F00F73DF5 /* remoteControl.xsd */,
				B05DC8C30D37D55F00F73DF5 /* remoteResponse.xsd */,
				B05DC8C40D37D55F00F73DF5 /* zmapXML_P.h */,
				B05DC8C50D37D55F00F73DF5 /* zmapXMLAttribute.c */,
				B05DC8C60D37D55F00F73DF5 /* zmapXMLDocument.c */,
				B05DC8C70D37D55F00F73DF5 /* zmapXMLElement.c */,
				B05DC8C80D37D55F00F73DF5 /* zmapXMLParse copy 2.c */,
				B05DC8C90D37D55F00F73DF5 /* zmapXMLParse copy.c */,
				B05DC8CA0D37D55F00F73DF5 /* zmapXMLParse.c */,
				B05DC8CB0D37D55F00F73DF5 /* zmapXMLUtils.c */,
				B05DC8CC0D37D55F00F73DF5 /* zmapXMLWriter.c */,
			);
			name = zmapXML;
			path = ../src/zmapXML;
			sourceTree = SOURCE_ROOT;
		};
		B05DC8CD0D37D55F00F73DF5 /* include */ = {
			isa = PBXGroup;
			children = (
				B05DC8CF0D37D55F00F73DF5 /* Makefile.am */,
				B05DC8D10D37D55F00F73DF5 /* ZMap */,
			);
			name = include;
			path = ../src/include;
			sourceTree = SOURCE_ROOT;
		};
		B05DC8D10D37D55F00F73DF5 /* ZMap */ = {
			isa = PBXGroup;
			children = (
				B05DC8D20D37D55F00F73DF5 /* sysdep.h */,
				B05DC8D30D37D55F00F73DF5 /* zmapCmdLineArgs.h */,
				B05DC8D40D37D55F00F73DF5 /* zmapConfig.h */,
				B05DC8D50D37D55F00F73DF5 /* zmapConfigDir.h */,
				B05DC8D60D37D55F00F73DF5 /* zmapConfigKeyboard.h */,
				B05DC8D70D37D55F00F73DF5 /* zmapConfigStrings.h */,
				B05DC8D80D37D55F00F73DF5 /* zmapConfigStyleDefaults.h */,
				B05DC8D90D37D55F00F73DF5 /* zmapControl.h */,
				B05DC8DA0D37D55F00F73DF5 /* zmapDAS.h */,
				B05DC8DB0D37D55F00F73DF5 /* zmapDNA.h */,
				B05DC8DC0D37D55F00F73DF5 /* zmapDraw.h */,
				B05DC8DD0D37D55F00F73DF5 /* zmapFASTA.h */,
				B05DC8DE0D37D55F00F73DF5 /* zmapFeature.h */,
				B05DC8DF0D37D55F00F73DF5 /* zmapGFF.h */,
				B05DC8E00D37D55F00F73DF5 /* zmapGLibUtils.h */,
				B05DC8E10D37D55F00F73DF5 /* zmapIO.h */,
				B05DC8E20D37D55F00F73DF5 /* zmapManager.h */,
				B05DC8E30D37D55F00F73DF5 /* zmapNavigator.h */,
				B05DC8E40D37D55F00F73DF5 /* zmapNavigatorStippleG.xbm */,
				B05DC8E50D37D55F00F73DF5 /* zmapPeptide.h */,
				B05DC8E60D37D55F00F73DF5 /* zmapReadLine.h */,
				B05DC8E70D37D55F00F73DF5 /* zmapSequence.h */,
				B05DC8E80D37D55F00F73DF5 /* zmapServerProtocol.h */,
				B05DC8E90D37D55F00F73DF5 /* zmapString.h */,
				B05DC8EA0D37D55F00F73DF5 /* zmapStyle.h */,
				B05DC8EB0D37D55F00F73DF5 /* zmapTextContext.h */,
				B05DC8EC0D37D55F00F73DF5 /* zmapThreads.h */,
				B05DC8ED0D37D55F00F73DF5 /* zmapUrl.h */,
				B05DC8EE0D37D55F00F73DF5 /* zmapUrlUtils.h */,
				B05DC8EF0D37D55F00F73DF5 /* zmapUtils.h */,
				B05DC8F00D37D55F00F73DF5 /* zmapUtilsCheck.h */,
				B05DC8F10D37D55F00F73DF5 /* zmapUtilsDebug.h */,
				B05DC8F20D37D55F00F73DF5 /* zmapUtilsFoo.h */,
				B05DC8F30D37D55F00F73DF5 /* zmapUtilsGUI.h */,
				B05DC8F40D37D55F00F73DF5 /* zmapUtilsHandle.h */,
				B05DC8F50D37D55F00F73DF5 /* zmapUtilsLog.h */,
				B05DC8F60D37D55F00F73DF5 /* zmapUtilsMesg.h */,
				B05DC8F70D37D55F00F73DF5 /* zmapUtilsXRemote.h */,
				B05DC8F80D37D55F00F73DF5 /* zmapView.h */,
				B05DC8F90D37D55F00F73DF5 /* zmapWebPages.h */,
				B05DC8FA0D37D55F00F73DF5 /* zmapWindow.h */,
				B05DC8FB0D37D55F00F73DF5 /* zmapWindowDrawFeatures.h */,
				B05DC8FC0D37D55F00F73DF5 /* zmapWindowNavigator.h */,
				B05DC8FD0D37D55F00F73DF5 /* zmapXML.h */,
				B05DC8FE0D37D55F00F73DF5 /* zmapXMLHandler.h */,
				B05DC8FF0D37D55F00F73DF5 /* zmapXRemote.h */,
			);
			name = ZMap;
			path = ../src/include/ZMap;
			sourceTree = SOURCE_ROOT;
		};
		B05DC9000D37D55F00F73DF5 /* perl */ = {
			isa = PBXGroup;
			children = (
				B05DC9010D37D55F00F73DF5 /* build.sh */,
				B05DC9020D37D55F00F73DF5 /* X11-XRemote-0.01 */,
			);
			name = perl;
			path = ../src/perl;
			sourceTree = SOURCE_ROOT;
		};
		B05DC9020D37D55F00F73DF5 /* X11-XRemote-0.01 */ = {
			isa = PBXGroup;
			children = (
				B05DC9040D37D55F00F73DF5 /* Changes */,
				B05DC9050D37D55F00F73DF5 /* lib */,
				B05DC9090D37D55F00F73DF5 /* Makefile.PL */,
				B05DC90A0D37D55F00F73DF5 /* MANIFEST */,
				B05DC90B0D37D55F00F73DF5 /* PREFIX */,
				B05DC90C0D37D55F00F73DF5 /* README */,
				B05DC90D0D37D55F00F73DF5 /* test.pl */,
				B05DC90E0D37D55F00F73DF5 /* tk_test.pl */,
				B05DC90F0D37D55F00F73DF5 /* typemap */,
				B05DC9100D37D55F00F73DF5 /* X11 */,
				B05DC9120D37D55F00F73DF5 /* XRemote.o */,
				B05DC9130D37D55F00F73DF5 /* XRemote.xs */,
			);
			name = "X11-XRemote-0.01";
			path = "../src/perl/X11-XRemote-0.01";
			sourceTree = SOURCE_ROOT;
		};
		B05DC9050D37D55F00F73DF5 /* lib */ = {
			isa = PBXGroup;
			children = (
				B05DC9060D37D55F00F73DF5 /* X11 */,
			);
			name = lib;
			path = "../src/perl/X11-XRemote-0.01/lib";
			sourceTree = SOURCE_ROOT;
		};
		B05DC9060D37D55F00F73DF5 /* X11 */ = {
			isa = PBXGroup;
			children = (
				B05DC9070D37D55F00F73DF5 /* XRemote.pm */,
			);
			name = X11;
			path = "../src/perl/X11-XRemote-0.01/lib/X11";
			sourceTree = SOURCE_ROOT;
		};
		B05DC90B0D37D55F00F73DF5 /* PREFIX */ = {
			isa = PBXGroup;
			children = (
			);
			name = PREFIX;
			path = "../src/perl/X11-XRemote-0.01/PREFIX";
			sourceTree = SOURCE_ROOT;
		};
		B05DC9100D37D55F00F73DF5 /* X11 */ = {
			isa = PBXGroup;
			children = (
				B05DC9110D37D55F00F73DF5 /* XRemote */,
			);
			name = X11;
			path = "../src/perl/X11-XRemote-0.01/X11";
			sourceTree = SOURCE_ROOT;
		};
		B05DC9110D37D55F00F73DF5 /* XRemote */ = {
			isa = PBXGroup;
			children = (
			);
			name = XRemote;
			path = "../src/perl/X11-XRemote-0.01/X11/XRemote";
			sourceTree = SOURCE_ROOT;
		};
/* End PBXGroup section */

/* Begin PBXLegacyTarget section */
		B0428B250D37AD20000CC50D /* all */ = {
			isa = PBXLegacyTarget;
			buildArgumentsString = "$(ACTION)";
			buildConfigurationList = B0428B280D37AD52000CC50D /* Build configuration list for PBXLegacyTarget "all" */;
			buildPhases = (
			);
			buildToolPath = /usr/bin/make;
			buildWorkingDirectory = ../src/build/macosx;
			dependencies = (
			);
			name = all;
			passBuildSettingsInEnvironment = 1;
			productName = all;
		};
		B0428B6E0D37BE2B000CC50D /* runconfig */ = {
			isa = PBXLegacyTarget;
			buildArgumentsString = "";
			buildConfigurationList = B0428B720D37BE64000CC50D /* Build configuration list for PBXLegacyTarget "runconfig" */;
			buildPhases = (
			);
			buildToolPath = ../../runconfig;
			buildWorkingDirectory = ../src/build/macosx;
			dependencies = (
			);
			name = runconfig;
			passBuildSettingsInEnvironment = 0;
			productName = runconfig;
		};
/* End PBXLegacyTarget section */

/* Begin PBXProject section */
		B04289A60D37AA0E000CC50D /* Project object */ = {
			isa = PBXProject;
			buildConfigurationList = B04289A90D37AA0E000CC50D /* Build configuration list for PBXProject "ZMap" */;
			compatibilityVersion = "Xcode 2.4";
			hasScannedForEncodings = 0;
			mainGroup = B04289A40D37AA0E000CC50D;
			productRefGroup = B04289A40D37AA0E000CC50D;
			projectDirPath = "";
			projectRoot = "";
			targets = (
				B0428B250D37AD20000CC50D /* all */,
				B0428B6E0D37BE2B000CC50D /* runconfig */,
			);
		};
/* End PBXProject section */

/* Begin XCBuildConfiguration section */
		B04289A70D37AA0E000CC50D /* Debug */ = {
			isa = XCBuildConfiguration;
			buildSettings = {
				COPY_PHASE_STRIP = NO;
			};
			name = Debug;
		};
		B04289A80D37AA0E000CC50D /* Release */ = {
			isa = XCBuildConfiguration;
			buildSettings = {
				COPY_PHASE_STRIP = YES;
			};
			name = Release;
		};
		B0428B260D37AD20000CC50D /* Debug */ = {
			isa = XCBuildConfiguration;
			buildSettings = {
				COPY_PHASE_STRIP = NO;
				GCC_DYNAMIC_NO_PIC = NO;
				GCC_OPTIMIZATION_LEVEL = 0;
				PRODUCT_NAME = all;
			};
			name = Debug;
		};
		B0428B270D37AD20000CC50D /* Release */ = {
			isa = XCBuildConfiguration;
			buildSettings = {
				COPY_PHASE_STRIP = YES;
				DEBUG_INFORMATION_FORMAT = "dwarf-with-dsym";
				GCC_ENABLE_FIX_AND_CONTINUE = NO;
				PRODUCT_NAME = all;
				ZERO_LINK = NO;
			};
			name = Release;
		};
		B0428B6F0D37BE2B000CC50D /* Debug */ = {
			isa = XCBuildConfiguration;
			buildSettings = {
				COPY_PHASE_STRIP = NO;
				GCC_DYNAMIC_NO_PIC = NO;
				GCC_OPTIMIZATION_LEVEL = 0;
				PRODUCT_NAME = runconfig;
			};
			name = Debug;
		};
		B0428B700D37BE2B000CC50D /* Release */ = {
			isa = XCBuildConfiguration;
			buildSettings = {
				COPY_PHASE_STRIP = YES;
				DEBUG_INFORMATION_FORMAT = "dwarf-with-dsym";
				GCC_ENABLE_FIX_AND_CONTINUE = NO;
				PRODUCT_NAME = runconfig;
				ZERO_LINK = NO;
			};
			name = Release;
		};
/* End XCBuildConfiguration section */

/* Begin XCConfigurationList section */
		B04289A90D37AA0E000CC50D /* Build configuration list for PBXProject "ZMap" */ = {
			isa = XCConfigurationList;
			buildConfigurations = (
				B04289A70D37AA0E000CC50D /* Debug */,
				B04289A80D37AA0E000CC50D /* Release */,
			);
			defaultConfigurationIsVisible = 0;
			defaultConfigurationName = Release;
		};
		B0428B280D37AD52000CC50D /* Build configuration list for PBXLegacyTarget "all" */ = {
			isa = XCConfigurationList;
			buildConfigurations = (
				B0428B260D37AD20000CC50D /* Debug */,
				B0428B270D37AD20000CC50D /* Release */,
			);
			defaultConfigurationIsVisible = 0;
			defaultConfigurationName = Release;
		};
		B0428B720D37BE64000CC50D /* Build configuration list for PBXLegacyTarget "runconfig" */ = {
			isa = XCConfigurationList;
			buildConfigurations = (
				B0428B6F0D37BE2B000CC50D /* Debug */,
				B0428B700D37BE2B000CC50D /* Release */,
			);
			defaultConfigurationIsVisible = 0;
			defaultConfigurationName = Release;
		};
/* End XCConfigurationList section */
	};
	rootObject = B04289A60D37AA0E000CC50D /* Project object */;
}
